PODS:
  - BoringSSL (10.0.5):
    - BoringSSL/Implementation (= 10.0.5)
    - BoringSSL/Interface (= 10.0.5)
  - BoringSSL/Implementation (10.0.5):
    - BoringSSL/Interface (= 10.0.5)
  - BoringSSL/Interface (10.0.5)
  - BWWalkthrough (2.1.2)
  - Charts (3.1.1):
    - Charts/Core (= 3.1.1)
  - Charts/Core (3.1.1)
  - DeviceKit (1.7.0)
  - Firebase/Auth (5.4.1):
    - Firebase/CoreOnly
    - FirebaseAuth (= 5.0.2)
  - Firebase/Core (5.4.1):
    - Firebase/CoreOnly
    - FirebaseAnalytics (= 5.0.1)
  - Firebase/CoreOnly (5.4.1):
    - FirebaseCore (= 5.0.6)
  - Firebase/Database (5.4.1):
    - Firebase/CoreOnly
    - FirebaseDatabase (= 5.0.2)
  - Firebase/Firestore (5.4.1):
    - Firebase/CoreOnly
    - FirebaseFirestore (= 0.12.6)
  - FirebaseAnalytics (5.0.1):
    - FirebaseCore (~> 5.0)
    - FirebaseInstanceID (~> 3.0)
    - "GoogleToolboxForMac/NSData+zlib (~> 2.1)"
    - nanopb (~> 0.3)
  - FirebaseAuth (5.0.2):
    - FirebaseCore (~> 5.0)
    - GTMSessionFetcher/Core (~> 1.1)
  - FirebaseCore (5.0.6):
    - "GoogleToolboxForMac/NSData+zlib (~> 2.1)"
  - FirebaseDatabase (5.0.2):
    - FirebaseCore (~> 5.0)
    - leveldb-library (~> 1.18)
  - FirebaseFirestore (0.12.6):
    - FirebaseCore (~> 5.0)
    - FirebaseFirestore/abseil-cpp (= 0.12.6)
    - gRPC-ProtoRPC (~> 1.0)
    - leveldb-library (~> 1.18)
    - nanopb (~> 0.3.8)
    - Protobuf (~> 3.1)
  - FirebaseFirestore/abseil-cpp (0.12.6):
    - FirebaseCore (~> 5.0)
    - gRPC-ProtoRPC (~> 1.0)
    - leveldb-library (~> 1.18)
    - nanopb (~> 0.3.8)
    - Protobuf (~> 3.1)
  - FirebaseInstanceID (3.1.1):
    - FirebaseCore (~> 5.0)
  - GoogleToolboxForMac/Defines (2.1.4)
  - "GoogleToolboxForMac/NSData+zlib (2.1.4)":
    - GoogleToolboxForMac/Defines (= 2.1.4)
  - gRPC (1.13.0):
    - gRPC-RxLibrary (= 1.13.0)
    - gRPC/Main (= 1.13.0)
  - gRPC-Core (1.13.0):
    - gRPC-Core/Implementation (= 1.13.0)
    - gRPC-Core/Interface (= 1.13.0)
  - gRPC-Core/Implementation (1.13.0):
    - BoringSSL (~> 10.0)
    - gRPC-Core/Interface (= 1.13.0)
    - nanopb (~> 0.3)
  - gRPC-Core/Interface (1.13.0)
  - gRPC-ProtoRPC (1.13.0):
    - gRPC-ProtoRPC/Main (= 1.13.0)
  - gRPC-ProtoRPC/Main (1.13.0):
    - gRPC (= 1.13.0)
    - gRPC-RxLibrary (= 1.13.0)
    - Protobuf (~> 3.0)
  - gRPC-RxLibrary (1.13.0)
  - gRPC/Main (1.13.0):
    - gRPC-Core (= 1.13.0)
    - gRPC-RxLibrary (= 1.13.0)
  - GTMSessionFetcher/Core (1.2.0)
  - GTProgressBar (0.3.0)
  - Koloda (4.3.1):
    - pop (~> 1.0)
  - leveldb-library (1.20)
  - nanopb (0.3.8):
    - nanopb/decode (= 0.3.8)
    - nanopb/encode (= 0.3.8)
  - nanopb/decode (0.3.8)
  - nanopb/encode (0.3.8)
  - pop (1.0.10)
  - ProgressHUD (2.51)
  - Protobuf (3.6.0)
  - Realm (3.7.5):
    - Realm/Headers (= 3.7.5)
  - Realm/Headers (3.7.5)
  - RealmSwift (3.7.5):
    - Realm (= 3.7.5)
  - SwiftyPlistManager (1.0.2)

DEPENDENCIES:
  - BWWalkthrough
  - Charts
  - DeviceKit (~> 1.3)
  - Firebase/Auth
  - Firebase/Core
  - Firebase/Database
  - Firebase/Firestore
  - GTProgressBar
  - Koloda
  - ProgressHUD
  - RealmSwift
  - SwiftyPlistManager

SPEC REPOS:
  https://github.com/CocoaPods/Specs.git:
    - BoringSSL
    - BWWalkthrough
    - Charts
    - DeviceKit
    - Firebase
    - FirebaseAnalytics
    - FirebaseAuth
    - FirebaseCore
    - FirebaseDatabase
    - FirebaseFirestore
    - FirebaseInstanceID
    - GoogleToolboxForMac
    - gRPC
    - gRPC-Core
    - gRPC-ProtoRPC
    - gRPC-RxLibrary
    - GTMSessionFetcher
    - GTProgressBar
    - Koloda
    - leveldb-library
    - nanopb
    - pop
    - ProgressHUD
    - Protobuf
    - Realm
    - RealmSwift
    - SwiftyPlistManager

SPEC CHECKSUMS:
  BoringSSL: cf3f1793eb6e3c445c4d150456341f149c268a35
  BWWalkthrough: 6b18dc688ff6b7168383fee07fe199ccaad7e9f7
  Charts: 90a4d61da0f6e06684c591e3bcab11940fe61736
  DeviceKit: 6a5bdeb103c03757bb94aef1ccb01e08bc8ef4ee
  Firebase: 355bd535bfdacaa82a7fe8d9784115edefd6fc03
  FirebaseAnalytics: b3628aea54c50464c32c393fb2ea032566e7ecc2
  FirebaseAuth: 096e457cdd4274412a66c4a35874787e411f5a03
  FirebaseCore: 4c28e3b9708ba48a765e76515f913a71596eb5dd
  FirebaseDatabase: 27be5ac5bc75e0b17537b2bbfada8258addcc8cd
  FirebaseFirestore: d4a3a7787624e612298a320da95935b8dc036c1d
  FirebaseInstanceID: f3f0657372592ecdfdfe2cac604a5a75758376a6
  GoogleToolboxForMac: 91c824d21e85b31c2aae9bb011c5027c9b4e738f
  gRPC: 81b990caa01d7c32605d300c2ffd1b5ba0ef9e49
  gRPC-Core: a56b086a8ef5ced6f6ba5be5bc0a63fca185015a
  gRPC-ProtoRPC: 842797fbe05dfcf891afb4a5048e5ccf5f06ef86
  gRPC-RxLibrary: fa6852f98d6ec0b73c0ec2f6406c26943099d501
  GTMSessionFetcher: 0c4baf0a73acd0041bf9f71ea018deedab5ea84e
  GTProgressBar: de0d8b060255025b590c9a2fe55846394a674de0
  Koloda: 0d39b2aa188ccd1fac48d752acaf9802e683c625
  leveldb-library: 08cba283675b7ed2d99629a4bc5fd052cd2bb6a5
  nanopb: 5601e6bca2dbf1ed831b519092ec110f66982ca3
  pop: 82ca6b068ce9278fd350fd9dd09482a0ce9492e6
  ProgressHUD: 54b4c2fa202bf3da7dddc1c698ae4e6376333bd9
  Protobuf: 0fc0ad8bec688b2a3017a139953e01374fedbd5f
  Realm: c286caf4dbf346ce24aad49ca76c7ce622d4a082
  RealmSwift: 2a9281e37d6de55f66f76254d49d28aeb1b729e4
  SwiftyPlistManager: 5895924cccb7fe28deccbe14890e8aed78ae78ae

PODFILE CHECKSUM: 9d17a637274faac487115e85bcffdbbe4009a7f1

COCOAPODS: 1.5.0
