// !$*UTF8*$!
{
	archiveVersion = 1;
	classes = {
	};
	objectVersion = 50;
	objects = {

/* Begin PBXBuildFile section */
		3591E2A88F1CBD3CB8C78EFF /* Pods_Sword.framework in Frameworks */ = {isa = PBXBuildFile; fileRef = DD260DC010879E533EB071DF /* Pods_Sword.framework */; };
		5704CED721833D1F000B5374 /* CardGameViewController.swift in Sources */ = {isa = PBXBuildFile; fileRef = 5704CED621833D1F000B5374 /* CardGameViewController.swift */; };
		5708671F2084EDCF00D4B8FF /* Assets.xcassets in Resources */ = {isa = PBXBuildFile; fileRef = 5708671E2084EDCF00D4B8FF /* Assets.xcassets */; };
		570867222084EDCF00D4B8FF /* LaunchScreen.storyboard in Resources */ = {isa = PBXBuildFile; fileRef = 570867202084EDCF00D4B8FF /* LaunchScreen.storyboard */; };
		5708672D2084EDCF00D4B8FF /* SwordTests.swift in Sources */ = {isa = PBXBuildFile; fileRef = 5708672C2084EDCF00D4B8FF /* SwordTests.swift */; };
		570867382084EDCF00D4B8FF /* SwordUITests.swift in Sources */ = {isa = PBXBuildFile; fileRef = 570867372084EDCF00D4B8FF /* SwordUITests.swift */; };
		570EC37B21492D3B00889D49 /* FindOpponentViewController.swift in Sources */ = {isa = PBXBuildFile; fileRef = 570EC37A21492D3B00889D49 /* FindOpponentViewController.swift */; };
		570EC37D21492D8900889D49 /* DuelGameViewController.swift in Sources */ = {isa = PBXBuildFile; fileRef = 570EC37C21492D8900889D49 /* DuelGameViewController.swift */; };
		570EC37F21492E3B00889D49 /* GameResultViewController.swift in Sources */ = {isa = PBXBuildFile; fileRef = 570EC37E21492E3B00889D49 /* GameResultViewController.swift */; };
		570EC38121492FAB00889D49 /* Game.storyboard in Resources */ = {isa = PBXBuildFile; fileRef = 570EC38021492FAB00889D49 /* Game.storyboard */; };
		57144CF32157B48F00E271F5 /* RealmUtilities.swift in Sources */ = {isa = PBXBuildFile; fileRef = 57144CF22157B48F00E271F5 /* RealmUtilities.swift */; };
		57144CF52157B9DB00E271F5 /* DefaultProfilePictures.plist in Resources */ = {isa = PBXBuildFile; fileRef = 57144CF42157B9DB00E271F5 /* DefaultProfilePictures.plist */; };
		571944C420DF808200C3E56B /* CustomViewController.swift in Sources */ = {isa = PBXBuildFile; fileRef = 571944C320DF808200C3E56B /* CustomViewController.swift */; };
		571944C620DF82E200C3E56B /* CustomMainViewController.swift in Sources */ = {isa = PBXBuildFile; fileRef = 571944C520DF82E200C3E56B /* CustomMainViewController.swift */; };
		5719B0D9208C9E4B00962F1B /* Reachability.swift in Sources */ = {isa = PBXBuildFile; fileRef = 5719B0D8208C9E4B00962F1B /* Reachability.swift */; };
		5719B0DD208CCE3A00962F1B /* LoginWithUserNameViewController.swift in Sources */ = {isa = PBXBuildFile; fileRef = 5719B0DC208CCE3A00962F1B /* LoginWithUserNameViewController.swift */; };
		5719B0DF208CCE4B00962F1B /* LoginWithFaceBookViewController.swift in Sources */ = {isa = PBXBuildFile; fileRef = 5719B0DE208CCE4B00962F1B /* LoginWithFaceBookViewController.swift */; };
		571A0A782129CA7A0030F306 /* Answer.swift in Sources */ = {isa = PBXBuildFile; fileRef = 571A0A772129CA7A0030F306 /* Answer.swift */; };
		571A0A7A2129CA9B0030F306 /* Question.swift in Sources */ = {isa = PBXBuildFile; fileRef = 571A0A792129CA9B0030F306 /* Question.swift */; };
		571A0A7C2129E0900030F306 /* MultipleSelection.swift in Sources */ = {isa = PBXBuildFile; fileRef = 571A0A7B2129E0900030F306 /* MultipleSelection.swift */; };
		57206458213EB1F700BBEB73 /* AVAudioPlayer+playSoundWithName.swift in Sources */ = {isa = PBXBuildFile; fileRef = 57206457213EB1F700BBEB73 /* AVAudioPlayer+playSoundWithName.swift */; };
		5720645A213EC92A00BBEB73 /* LearnWordsOrder-Info.plist in Resources */ = {isa = PBXBuildFile; fileRef = 57206459213EC92A00BBEB73 /* LearnWordsOrder-Info.plist */; };
		5720954F20AD8B1D006C869D /* MainViewController.swift in Sources */ = {isa = PBXBuildFile; fileRef = 5720954E20AD8B1D006C869D /* MainViewController.swift */; };
		5720955120AD8B2C006C869D /* WalkthroughViewController.swift in Sources */ = {isa = PBXBuildFile; fileRef = 5720955020AD8B2C006C869D /* WalkthroughViewController.swift */; };
		5720955320AD8B34006C869D /* SignUpViewController.swift in Sources */ = {isa = PBXBuildFile; fileRef = 5720955220AD8B34006C869D /* SignUpViewController.swift */; };
		572A806D2142BA9700102D54 /* LearnResultViewController.swift in Sources */ = {isa = PBXBuildFile; fileRef = 572A806C2142BA9700102D54 /* LearnResultViewController.swift */; };
		5737FAFE20D2F5CA00209C9F /* RealmTopic.swift in Sources */ = {isa = PBXBuildFile; fileRef = 5737FAFD20D2F5CA00209C9F /* RealmTopic.swift */; };
		574AA248217B6F0500731266 /* Game.swift in Sources */ = {isa = PBXBuildFile; fileRef = 574AA247217B6F0500731266 /* Game.swift */; };
		574CC32420A31EDA003F0AA9 /* CustomTabBarViewController.swift in Sources */ = {isa = PBXBuildFile; fileRef = 574CC32320A31EDA003F0AA9 /* CustomTabBarViewController.swift */; };
		574CC32820A32056003F0AA9 /* PickWordsViewController.swift in Sources */ = {isa = PBXBuildFile; fileRef = 574CC32720A32056003F0AA9 /* PickWordsViewController.swift */; };
		574CC32A20A32080003F0AA9 /* GameViewController.swift in Sources */ = {isa = PBXBuildFile; fileRef = 574CC32920A32080003F0AA9 /* GameViewController.swift */; };
		574CC32C20A32095003F0AA9 /* MarketViewController.swift in Sources */ = {isa = PBXBuildFile; fileRef = 574CC32B20A32095003F0AA9 /* MarketViewController.swift */; };
		574CC32E20A320CA003F0AA9 /* RankViewController.swift in Sources */ = {isa = PBXBuildFile; fileRef = 574CC32D20A320CA003F0AA9 /* RankViewController.swift */; };
		574CC33020A320E5003F0AA9 /* ProfileViewController.swift in Sources */ = {isa = PBXBuildFile; fileRef = 574CC32F20A320E5003F0AA9 /* ProfileViewController.swift */; };
		574CC33220A324FE003F0AA9 /* LevelViewController.swift in Sources */ = {isa = PBXBuildFile; fileRef = 574CC33120A324FE003F0AA9 /* LevelViewController.swift */; };
		574CC33420A32723003F0AA9 /* TopicsViewController.swift in Sources */ = {isa = PBXBuildFile; fileRef = 574CC33320A32723003F0AA9 /* TopicsViewController.swift */; };
		575EDA9920E92ABB00CA4D06 /* UIViewController+activityIndicatorStatus.swift in Sources */ = {isa = PBXBuildFile; fileRef = 575EDA9820E92ABB00CA4D06 /* UIViewController+activityIndicatorStatus.swift */; };
		57619C2821861EE500D111A0 /* FirebaseUtilities.swift in Sources */ = {isa = PBXBuildFile; fileRef = 57619C2721861EE500D111A0 /* FirebaseUtilities.swift */; };
		577761C620F246C40008C849 /* Level.swift in Sources */ = {isa = PBXBuildFile; fileRef = 577761C520F246C40008C849 /* Level.swift */; };
		577761C820F29D2A0008C849 /* Topic.swift in Sources */ = {isa = PBXBuildFile; fileRef = 577761C720F29D2A0008C849 /* Topic.swift */; };
		57798C5121132E52009A2678 /* ToBeLearnedWordsViewController.swift in Sources */ = {isa = PBXBuildFile; fileRef = 57798C5021132E52009A2678 /* ToBeLearnedWordsViewController.swift */; };
		57798C5321137E91009A2678 /* LearnViewController.swift in Sources */ = {isa = PBXBuildFile; fileRef = 57798C5221137E91009A2678 /* LearnViewController.swift */; };
		578CFB5D20CC19F80051F56C /* Word.swift in Sources */ = {isa = PBXBuildFile; fileRef = 578CFB5C20CC19F80051F56C /* Word.swift */; };
		578CFB5F20CC2DC50051F56C /* Date+TimeStampToDate.swift in Sources */ = {isa = PBXBuildFile; fileRef = 578CFB5E20CC2DC50051F56C /* Date+TimeStampToDate.swift */; };
		579388A0209DD4790081B4D2 /* User.swift in Sources */ = {isa = PBXBuildFile; fileRef = 5793889F209DD4790081B4D2 /* User.swift */; };
		579388A6209E07590081B4D2 /* Date+toMillis.swift in Sources */ = {isa = PBXBuildFile; fileRef = 579388A5209E07590081B4D2 /* Date+toMillis.swift */; };
		57939D85213D45B300FEAD05 /* Quiz.swift in Sources */ = {isa = PBXBuildFile; fileRef = 57939D84213D45B300FEAD05 /* Quiz.swift */; };
		5796C024216A9D8A00CB3CD9 /* CustomButton.swift in Sources */ = {isa = PBXBuildFile; fileRef = 5796C023216A9D8A00CB3CD9 /* CustomButton.swift */; };
		5796C026216AA44B00CB3CD9 /* CustomView.swift in Sources */ = {isa = PBXBuildFile; fileRef = 5796C025216AA44B00CB3CD9 /* CustomView.swift */; };
		5797EB6B213C236C002E6761 /* MultipleSelectionButton.swift in Sources */ = {isa = PBXBuildFile; fileRef = 5797EB6A213C236C002E6761 /* MultipleSelectionButton.swift */; };
		579C80FF216B364900D4F146 /* GTProgressBar+update.swift in Sources */ = {isa = PBXBuildFile; fileRef = 579C80FE216B364900D4F146 /* GTProgressBar+update.swift */; };
		57A0E81A210E6F3200C4C584 /* UILabel+addImage.swift in Sources */ = {isa = PBXBuildFile; fileRef = 57A0E819210E6F3200C4C584 /* UILabel+addImage.swift */; };
		57A32BC720AF09D200857A02 /* CustomOverlayView.swift in Sources */ = {isa = PBXBuildFile; fileRef = 57A32BC620AF09D200857A02 /* CustomOverlayView.swift */; };
		57AF992F2174B16A00521A99 /* black_italic.ttf in Resources */ = {isa = PBXBuildFile; fileRef = 57AF99272174B10500521A99 /* black_italic.ttf */; };
		57AF99302174B16A00521A99 /* black.ttf in Resources */ = {isa = PBXBuildFile; fileRef = 57AF99232174B10500521A99 /* black.ttf */; };
		57AF99312174B16A00521A99 /* bold_italic.ttf in Resources */ = {isa = PBXBuildFile; fileRef = 57AF992B2174B10500521A99 /* bold_italic.ttf */; };
		57AF99322174B16A00521A99 /* bold.ttf in Resources */ = {isa = PBXBuildFile; fileRef = 57AF99222174B10400521A99 /* bold.ttf */; };
		57AF99332174B16A00521A99 /* light_italic.ttf in Resources */ = {isa = PBXBuildFile; fileRef = 57AF99292174B10500521A99 /* light_italic.ttf */; };
		57AF99342174B16A00521A99 /* light.ttf in Resources */ = {isa = PBXBuildFile; fileRef = 57AF99282174B10500521A99 /* light.ttf */; };
		57AF99352174B16A00521A99 /* medium_italic.ttf in Resources */ = {isa = PBXBuildFile; fileRef = 57AF99242174B10500521A99 /* medium_italic.ttf */; };
		57AF99362174B16A00521A99 /* medium.ttf in Resources */ = {isa = PBXBuildFile; fileRef = 57AF992C2174B10600521A99 /* medium.ttf */; };
		57AF99372174B16A00521A99 /* regular_italic.ttf in Resources */ = {isa = PBXBuildFile; fileRef = 57AF99252174B10500521A99 /* regular_italic.ttf */; };
		57AF99382174B16A00521A99 /* regular.ttf in Resources */ = {isa = PBXBuildFile; fileRef = 57AF992A2174B10500521A99 /* regular.ttf */; };
		57AF99392174B16A00521A99 /* ultra_italic.ttf in Resources */ = {isa = PBXBuildFile; fileRef = 57AF992D2174B10600521A99 /* ultra_italic.ttf */; };
		57AF993A2174B16A00521A99 /* ultra.ttf in Resources */ = {isa = PBXBuildFile; fileRef = 57AF99262174B10500521A99 /* ultra.ttf */; };
		57AF993C2174B54100521A99 /* CustomBWWalkthroughPageViewController.swift in Sources */ = {isa = PBXBuildFile; fileRef = 57AF993B2174B54100521A99 /* CustomBWWalkthroughPageViewController.swift */; };
		57AFB47320ADD9BB00C5B02B /* CustomKolodaView.swift in Sources */ = {isa = PBXBuildFile; fileRef = 57AFB47220ADD9BB00C5B02B /* CustomKolodaView.swift */; };
		57B1C0D82171EBD90082F393 /* LevelAndTopic.storyboard in Resources */ = {isa = PBXBuildFile; fileRef = 57B1C0D72171EBD90082F393 /* LevelAndTopic.storyboard */; };
		57B38C692148565700AF3B95 /* UIViewController+BlurEffect.swift in Sources */ = {isa = PBXBuildFile; fileRef = 57B38C682148565600AF3B95 /* UIViewController+BlurEffect.swift */; };
		57B9B08320ADA06400535920 /* OverlayView.xib in Resources */ = {isa = PBXBuildFile; fileRef = 57B9B08220ADA06400535920 /* OverlayView.xib */; };
		57BD20D2211B7E1700278E40 /* wrong.mp3 in Resources */ = {isa = PBXBuildFile; fileRef = 57BD20CC211B7E1700278E40 /* wrong.mp3 */; };
		57BD20D3211B7E1700278E40 /* win.mp3 in Resources */ = {isa = PBXBuildFile; fileRef = 57BD20CD211B7E1700278E40 /* win.mp3 */; };
		57BD20D4211B7E1700278E40 /* lose.mp3 in Resources */ = {isa = PBXBuildFile; fileRef = 57BD20CE211B7E1700278E40 /* lose.mp3 */; };
		57BD20D5211B7E1700278E40 /* right.mp3 in Resources */ = {isa = PBXBuildFile; fileRef = 57BD20CF211B7E1700278E40 /* right.mp3 */; };
		57BD20D6211B7E1700278E40 /* splash.mp3 in Resources */ = {isa = PBXBuildFile; fileRef = 57BD20D0211B7E1700278E40 /* splash.mp3 */; };
		57BD8710218B2B50003B4B7A /* RealmWord.swift in Sources */ = {isa = PBXBuildFile; fileRef = 57BD870F218B2B50003B4B7A /* RealmWord.swift */; };
		57BD8712218B2B91003B4B7A /* RealmUser.swift in Sources */ = {isa = PBXBuildFile; fileRef = 57BD8711218B2B90003B4B7A /* RealmUser.swift */; };
		57BD8714218B2BC3003B4B7A /* RealmLevel.swift in Sources */ = {isa = PBXBuildFile; fileRef = 57BD8713218B2BC3003B4B7A /* RealmLevel.swift */; };
		57BD8716218F2DA5003B4B7A /* peiring.mp3 in Resources */ = {isa = PBXBuildFile; fileRef = 57BD8715218F2DA5003B4B7A /* peiring.mp3 */; };
		57C486DB21056B1900FC8862 /* String+ArrayToString.swift in Sources */ = {isa = PBXBuildFile; fileRef = 57C486DA21056B1900FC8862 /* String+ArrayToString.swift */; };
		57C49AFB216C1D30006957F1 /* WritingTextField.swift in Sources */ = {isa = PBXBuildFile; fileRef = 57C49AFA216C1D30006957F1 /* WritingTextField.swift */; };
		57C49AFD216C1DE2006957F1 /* UIColor+customColors.swift in Sources */ = {isa = PBXBuildFile; fileRef = 57C49AFC216C1DE2006957F1 /* UIColor+customColors.swift */; };
		57C500D7209A721C0037CD03 /* ForgotPasswordViewController.swift in Sources */ = {isa = PBXBuildFile; fileRef = 57C500D6209A721C0037CD03 /* ForgotPasswordViewController.swift */; };
		57C500D9209B00870037CD03 /* AlertHelper.swift in Sources */ = {isa = PBXBuildFile; fileRef = 57C500D8209B00870037CD03 /* AlertHelper.swift */; };
		57CC0429208BD9AC002B1930 /* UIImageView+Color.swift in Sources */ = {isa = PBXBuildFile; fileRef = 57CC0428208BD9AC002B1930 /* UIImageView+Color.swift */; };
		57CEA7EA216388770011CDB3 /* UIViewController+FirebaseStorage.swift in Sources */ = {isa = PBXBuildFile; fileRef = 57CEA7E9216388770011CDB3 /* UIViewController+FirebaseStorage.swift */; };
		57CED0BC21428D5900CF04FB /* QuestionOrder.swift in Sources */ = {isa = PBXBuildFile; fileRef = 57CED0BB21428D5900CF04FB /* QuestionOrder.swift */; };
		57EFB8A921481F04007FD864 /* Learning.storyboard in Resources */ = {isa = PBXBuildFile; fileRef = 57EFB8A821481F04007FD864 /* Learning.storyboard */; };
		57F75600213AAD2A00F0011D /* LearnWord.swift in Sources */ = {isa = PBXBuildFile; fileRef = 57F755FF213AAD2A00F0011D /* LearnWord.swift */; };
		57F75602213AAD6500F0011D /* Writing.swift in Sources */ = {isa = PBXBuildFile; fileRef = 57F75601213AAD6500F0011D /* Writing.swift */; };
		57F75604213AADB900F0011D /* Sequence+Shuffled.swift in Sources */ = {isa = PBXBuildFile; fileRef = 57F75603213AADB900F0011D /* Sequence+Shuffled.swift */; };
		57F75608213AB20600F0011D /* Main.storyboard in Resources */ = {isa = PBXBuildFile; fileRef = 57F75605213AB20500F0011D /* Main.storyboard */; };
		57F75609213AB20600F0011D /* Login.storyboard in Resources */ = {isa = PBXBuildFile; fileRef = 57F75606213AB20500F0011D /* Login.storyboard */; };
		57F7560A213AB20600F0011D /* Walkthrough.storyboard in Resources */ = {isa = PBXBuildFile; fileRef = 57F75607213AB20600F0011D /* Walkthrough.storyboard */; };
		57F75619213AB2A100F0011D /* AppDelegate.swift in Sources */ = {isa = PBXBuildFile; fileRef = 57F75614213AB2A100F0011D /* AppDelegate.swift */; };
		57F7561A213AB2A100F0011D /* GoogleService-Info.plist in Resources */ = {isa = PBXBuildFile; fileRef = 57F75615213AB2A100F0011D /* GoogleService-Info.plist */; };
		57F7561C213AB2A100F0011D /* Sword.xcdatamodeld in Sources */ = {isa = PBXBuildFile; fileRef = 57F75617213AB2A100F0011D /* Sword.xcdatamodeld */; };
		57FB9F592157CA5E00F7418E /* WordLevelParameters-Info.plist in Resources */ = {isa = PBXBuildFile; fileRef = 57FB9F582157CA5E00F7418E /* WordLevelParameters-Info.plist */; };
		57FB9F5B2157CF2700F7418E /* Levels-Info.plist in Resources */ = {isa = PBXBuildFile; fileRef = 57FB9F5A2157CF2700F7418E /* Levels-Info.plist */; };
		57FB9F5D2157D23B00F7418E /* Stone.swift in Sources */ = {isa = PBXBuildFile; fileRef = 57FB9F5C2157D23B00F7418E /* Stone.swift */; };
		95DD60BAE9C8246535652FB7 /* Pods_SwordUITests.framework in Frameworks */ = {isa = PBXBuildFile; fileRef = FEFD10D4BA1ECB1DB43E235D /* Pods_SwordUITests.framework */; };
		C3B2791C85AB8151F65954B7 /* Pods_SwordTests.framework in Frameworks */ = {isa = PBXBuildFile; fileRef = FCE95F7548F3C4EA8A07A025 /* Pods_SwordTests.framework */; };
/* End PBXBuildFile section */

/* Begin PBXContainerItemProxy section */
		570867292084EDCF00D4B8FF /* PBXContainerItemProxy */ = {
			isa = PBXContainerItemProxy;
			containerPortal = 570867092084EDCE00D4B8FF /* Project object */;
			proxyType = 1;
			remoteGlobalIDString = 570867102084EDCE00D4B8FF;
			remoteInfo = Sword;
		};
		570867342084EDCF00D4B8FF /* PBXContainerItemProxy */ = {
			isa = PBXContainerItemProxy;
			containerPortal = 570867092084EDCE00D4B8FF /* Project object */;
			proxyType = 1;
			remoteGlobalIDString = 570867102084EDCE00D4B8FF;
			remoteInfo = Sword;
		};
/* End PBXContainerItemProxy section */

/* Begin PBXFileReference section */
		0019CDF9469894C7672CEA2D /* Pods-SwordUITests.debug.xcconfig */ = {isa = PBXFileReference; includeInIndex = 1; lastKnownFileType = text.xcconfig; name = "Pods-SwordUITests.debug.xcconfig"; path = "Pods/Target Support Files/Pods-SwordUITests/Pods-SwordUITests.debug.xcconfig"; sourceTree = "<group>"; };
		052A693EFB448F288F0E5A15 /* Pods-Sword.debug.xcconfig */ = {isa = PBXFileReference; includeInIndex = 1; lastKnownFileType = text.xcconfig; name = "Pods-Sword.debug.xcconfig"; path = "Pods/Target Support Files/Pods-Sword/Pods-Sword.debug.xcconfig"; sourceTree = "<group>"; };
		52EBB1601D0099C3084EA62C /* Pods-SwordUITests.release.xcconfig */ = {isa = PBXFileReference; includeInIndex = 1; lastKnownFileType = text.xcconfig; name = "Pods-SwordUITests.release.xcconfig"; path = "Pods/Target Support Files/Pods-SwordUITests/Pods-SwordUITests.release.xcconfig"; sourceTree = "<group>"; };
		5704CED621833D1F000B5374 /* CardGameViewController.swift */ = {isa = PBXFileReference; lastKnownFileType = sourcecode.swift; name = CardGameViewController.swift; path = Controllers/CardGameViewController.swift; sourceTree = "<group>"; };
		570867112084EDCE00D4B8FF /* Sword.app */ = {isa = PBXFileReference; explicitFileType = wrapper.application; includeInIndex = 0; path = Sword.app; sourceTree = BUILT_PRODUCTS_DIR; };
		5708671E2084EDCF00D4B8FF /* Assets.xcassets */ = {isa = PBXFileReference; lastKnownFileType = folder.assetcatalog; path = Assets.xcassets; sourceTree = "<group>"; };
		570867212084EDCF00D4B8FF /* Base */ = {isa = PBXFileReference; lastKnownFileType = file.storyboard; name = Base; path = Base.lproj/LaunchScreen.storyboard; sourceTree = "<group>"; };
		570867282084EDCF00D4B8FF /* SwordTests.xctest */ = {isa = PBXFileReference; explicitFileType = wrapper.cfbundle; includeInIndex = 0; path = SwordTests.xctest; sourceTree = BUILT_PRODUCTS_DIR; };
		5708672C2084EDCF00D4B8FF /* SwordTests.swift */ = {isa = PBXFileReference; lastKnownFileType = sourcecode.swift; path = SwordTests.swift; sourceTree = "<group>"; };
		5708672E2084EDCF00D4B8FF /* Info.plist */ = {isa = PBXFileReference; lastKnownFileType = text.plist.xml; path = Info.plist; sourceTree = "<group>"; };
		570867332084EDCF00D4B8FF /* SwordUITests.xctest */ = {isa = PBXFileReference; explicitFileType = wrapper.cfbundle; includeInIndex = 0; path = SwordUITests.xctest; sourceTree = BUILT_PRODUCTS_DIR; };
		570867372084EDCF00D4B8FF /* SwordUITests.swift */ = {isa = PBXFileReference; lastKnownFileType = sourcecode.swift; path = SwordUITests.swift; sourceTree = "<group>"; };
		570867392084EDCF00D4B8FF /* Info.plist */ = {isa = PBXFileReference; lastKnownFileType = text.plist.xml; path = Info.plist; sourceTree = "<group>"; };
		570EC37A21492D3B00889D49 /* FindOpponentViewController.swift */ = {isa = PBXFileReference; lastKnownFileType = sourcecode.swift; name = FindOpponentViewController.swift; path = Controllers/FindOpponentViewController.swift; sourceTree = "<group>"; };
		570EC37C21492D8900889D49 /* DuelGameViewController.swift */ = {isa = PBXFileReference; lastKnownFileType = sourcecode.swift; name = DuelGameViewController.swift; path = Controllers/DuelGameViewController.swift; sourceTree = "<group>"; };
		570EC37E21492E3B00889D49 /* GameResultViewController.swift */ = {isa = PBXFileReference; lastKnownFileType = sourcecode.swift; name = GameResultViewController.swift; path = Controllers/GameResultViewController.swift; sourceTree = "<group>"; };
		570EC38021492FAB00889D49 /* Game.storyboard */ = {isa = PBXFileReference; fileEncoding = 4; lastKnownFileType = file.storyboard; name = Game.storyboard; path = Views/Game.storyboard; sourceTree = "<group>"; };
		57144CF22157B48F00E271F5 /* RealmUtilities.swift */ = {isa = PBXFileReference; lastKnownFileType = sourcecode.swift; name = RealmUtilities.swift; path = Utilities/RealmUtilities.swift; sourceTree = "<group>"; };
		57144CF42157B9DB00E271F5 /* DefaultProfilePictures.plist */ = {isa = PBXFileReference; lastKnownFileType = text.plist.xml; name = DefaultProfilePictures.plist; path = "Plist Files/DefaultProfilePictures.plist"; sourceTree = "<group>"; };
		571944C320DF808200C3E56B /* CustomViewController.swift */ = {isa = PBXFileReference; lastKnownFileType = sourcecode.swift; name = CustomViewController.swift; path = "Custom Classes/CustomViewController.swift"; sourceTree = "<group>"; };
		571944C520DF82E200C3E56B /* CustomMainViewController.swift */ = {isa = PBXFileReference; lastKnownFileType = sourcecode.swift; name = CustomMainViewController.swift; path = "Custom Classes/CustomMainViewController.swift"; sourceTree = "<group>"; };
		5719B0D8208C9E4B00962F1B /* Reachability.swift */ = {isa = PBXFileReference; lastKnownFileType = sourcecode.swift; name = Reachability.swift; path = Helpers/Reachability.swift; sourceTree = "<group>"; };
		5719B0DC208CCE3A00962F1B /* LoginWithUserNameViewController.swift */ = {isa = PBXFileReference; lastKnownFileType = sourcecode.swift; name = LoginWithUserNameViewController.swift; path = Controllers/LoginWithUserNameViewController.swift; sourceTree = "<group>"; };
		5719B0DE208CCE4B00962F1B /* LoginWithFaceBookViewController.swift */ = {isa = PBXFileReference; lastKnownFileType = sourcecode.swift; name = LoginWithFaceBookViewController.swift; path = Controllers/LoginWithFaceBookViewController.swift; sourceTree = "<group>"; };
		571A0A772129CA7A0030F306 /* Answer.swift */ = {isa = PBXFileReference; lastKnownFileType = sourcecode.swift; name = Answer.swift; path = Models/Answer.swift; sourceTree = "<group>"; };
		571A0A792129CA9B0030F306 /* Question.swift */ = {isa = PBXFileReference; lastKnownFileType = sourcecode.swift; name = Question.swift; path = Models/Question.swift; sourceTree = "<group>"; };
		571A0A7B2129E0900030F306 /* MultipleSelection.swift */ = {isa = PBXFileReference; lastKnownFileType = sourcecode.swift; name = MultipleSelection.swift; path = Models/MultipleSelection.swift; sourceTree = "<group>"; };
		57206457213EB1F700BBEB73 /* AVAudioPlayer+playSoundWithName.swift */ = {isa = PBXFileReference; lastKnownFileType = sourcecode.swift; name = "AVAudioPlayer+playSoundWithName.swift"; path = "Extensions/AVAudioPlayer+playSoundWithName.swift"; sourceTree = "<group>"; };
		57206459213EC92A00BBEB73 /* LearnWordsOrder-Info.plist */ = {isa = PBXFileReference; lastKnownFileType = text.plist.xml; name = "LearnWordsOrder-Info.plist"; path = "Plist Files/LearnWordsOrder-Info.plist"; sourceTree = "<group>"; };
		5720954E20AD8B1D006C869D /* MainViewController.swift */ = {isa = PBXFileReference; fileEncoding = 4; lastKnownFileType = sourcecode.swift; name = MainViewController.swift; path = Controllers/MainViewController.swift; sourceTree = "<group>"; };
		5720955020AD8B2C006C869D /* WalkthroughViewController.swift */ = {isa = PBXFileReference; fileEncoding = 4; lastKnownFileType = sourcecode.swift; name = WalkthroughViewController.swift; path = Controllers/WalkthroughViewController.swift; sourceTree = "<group>"; };
		5720955220AD8B34006C869D /* SignUpViewController.swift */ = {isa = PBXFileReference; fileEncoding = 4; lastKnownFileType = sourcecode.swift; name = SignUpViewController.swift; path = Controllers/SignUpViewController.swift; sourceTree = "<group>"; };
		572A806C2142BA9700102D54 /* LearnResultViewController.swift */ = {isa = PBXFileReference; lastKnownFileType = sourcecode.swift; name = LearnResultViewController.swift; path = Controllers/LearnResultViewController.swift; sourceTree = "<group>"; };
		5737FAFD20D2F5CA00209C9F /* RealmTopic.swift */ = {isa = PBXFileReference; lastKnownFileType = sourcecode.swift; name = RealmTopic.swift; path = Models/RealmTopic.swift; sourceTree = "<group>"; };
		574AA247217B6F0500731266 /* Game.swift */ = {isa = PBXFileReference; lastKnownFileType = sourcecode.swift; name = Game.swift; path = Models/Game.swift; sourceTree = "<group>"; };
		574CC32320A31EDA003F0AA9 /* CustomTabBarViewController.swift */ = {isa = PBXFileReference; lastKnownFileType = sourcecode.swift; name = CustomTabBarViewController.swift; path = Controllers/CustomTabBarViewController.swift; sourceTree = "<group>"; };
		574CC32720A32056003F0AA9 /* PickWordsViewController.swift */ = {isa = PBXFileReference; lastKnownFileType = sourcecode.swift; name = PickWordsViewController.swift; path = Controllers/PickWordsViewController.swift; sourceTree = "<group>"; };
		574CC32920A32080003F0AA9 /* GameViewController.swift */ = {isa = PBXFileReference; lastKnownFileType = sourcecode.swift; name = GameViewController.swift; path = Controllers/GameViewController.swift; sourceTree = "<group>"; };
		574CC32B20A32095003F0AA9 /* MarketViewController.swift */ = {isa = PBXFileReference; lastKnownFileType = sourcecode.swift; name = MarketViewController.swift; path = Controllers/MarketViewController.swift; sourceTree = "<group>"; };
		574CC32D20A320CA003F0AA9 /* RankViewController.swift */ = {isa = PBXFileReference; lastKnownFileType = sourcecode.swift; name = RankViewController.swift; path = Controllers/RankViewController.swift; sourceTree = "<group>"; };
		574CC32F20A320E5003F0AA9 /* ProfileViewController.swift */ = {isa = PBXFileReference; lastKnownFileType = sourcecode.swift; name = ProfileViewController.swift; path = Controllers/ProfileViewController.swift; sourceTree = "<group>"; };
		574CC33120A324FE003F0AA9 /* LevelViewController.swift */ = {isa = PBXFileReference; lastKnownFileType = sourcecode.swift; name = LevelViewController.swift; path = Controllers/LevelViewController.swift; sourceTree = "<group>"; };
		574CC33320A32723003F0AA9 /* TopicsViewController.swift */ = {isa = PBXFileReference; lastKnownFileType = sourcecode.swift; name = TopicsViewController.swift; path = Controllers/TopicsViewController.swift; sourceTree = "<group>"; };
		575EDA9820E92ABB00CA4D06 /* UIViewController+activityIndicatorStatus.swift */ = {isa = PBXFileReference; lastKnownFileType = sourcecode.swift; name = "UIViewController+activityIndicatorStatus.swift"; path = "Extensions/UIViewController+activityIndicatorStatus.swift"; sourceTree = "<group>"; };
		57619C2721861EE500D111A0 /* FirebaseUtilities.swift */ = {isa = PBXFileReference; lastKnownFileType = sourcecode.swift; name = FirebaseUtilities.swift; path = Utilities/FirebaseUtilities.swift; sourceTree = "<group>"; };
		577761C520F246C40008C849 /* Level.swift */ = {isa = PBXFileReference; lastKnownFileType = sourcecode.swift; name = Level.swift; path = Models/Level.swift; sourceTree = "<group>"; };
		577761C720F29D2A0008C849 /* Topic.swift */ = {isa = PBXFileReference; lastKnownFileType = sourcecode.swift; name = Topic.swift; path = Models/Topic.swift; sourceTree = "<group>"; };
		57798C5021132E52009A2678 /* ToBeLearnedWordsViewController.swift */ = {isa = PBXFileReference; lastKnownFileType = sourcecode.swift; name = ToBeLearnedWordsViewController.swift; path = Controllers/ToBeLearnedWordsViewController.swift; sourceTree = "<group>"; };
		57798C5221137E91009A2678 /* LearnViewController.swift */ = {isa = PBXFileReference; lastKnownFileType = sourcecode.swift; name = LearnViewController.swift; path = Controllers/LearnViewController.swift; sourceTree = "<group>"; };
		578CFB5C20CC19F80051F56C /* Word.swift */ = {isa = PBXFileReference; lastKnownFileType = sourcecode.swift; name = Word.swift; path = Models/Word.swift; sourceTree = "<group>"; };
		578CFB5E20CC2DC50051F56C /* Date+TimeStampToDate.swift */ = {isa = PBXFileReference; lastKnownFileType = sourcecode.swift; name = "Date+TimeStampToDate.swift"; path = "Extensions/Date+TimeStampToDate.swift"; sourceTree = "<group>"; };
		5793889F209DD4790081B4D2 /* User.swift */ = {isa = PBXFileReference; lastKnownFileType = sourcecode.swift; name = User.swift; path = Models/User.swift; sourceTree = "<group>"; };
		579388A5209E07590081B4D2 /* Date+toMillis.swift */ = {isa = PBXFileReference; lastKnownFileType = sourcecode.swift; name = "Date+toMillis.swift"; path = "Extensions/Date+toMillis.swift"; sourceTree = "<group>"; };
		57939D84213D45B300FEAD05 /* Quiz.swift */ = {isa = PBXFileReference; lastKnownFileType = sourcecode.swift; name = Quiz.swift; path = Models/Quiz.swift; sourceTree = "<group>"; };
		5796C023216A9D8A00CB3CD9 /* CustomButton.swift */ = {isa = PBXFileReference; lastKnownFileType = sourcecode.swift; name = CustomButton.swift; path = "Custom Classes/CustomButton.swift"; sourceTree = "<group>"; };
		5796C025216AA44B00CB3CD9 /* CustomView.swift */ = {isa = PBXFileReference; fileEncoding = 4; lastKnownFileType = sourcecode.swift; name = CustomView.swift; path = "Custom Classes/CustomView.swift"; sourceTree = "<group>"; };
		5797EB6A213C236C002E6761 /* MultipleSelectionButton.swift */ = {isa = PBXFileReference; lastKnownFileType = sourcecode.swift; name = MultipleSelectionButton.swift; path = "Custom Classes/MultipleSelectionButton.swift"; sourceTree = "<group>"; };
		579C80FE216B364900D4F146 /* GTProgressBar+update.swift */ = {isa = PBXFileReference; lastKnownFileType = sourcecode.swift; name = "GTProgressBar+update.swift"; path = "Extensions/GTProgressBar+update.swift"; sourceTree = "<group>"; };
		57A0E819210E6F3200C4C584 /* UILabel+addImage.swift */ = {isa = PBXFileReference; lastKnownFileType = sourcecode.swift; name = "UILabel+addImage.swift"; path = "Extensions/UILabel+addImage.swift"; sourceTree = "<group>"; };
		57A32BC620AF09D200857A02 /* CustomOverlayView.swift */ = {isa = PBXFileReference; lastKnownFileType = sourcecode.swift; name = CustomOverlayView.swift; path = "Custom Classes/CustomOverlayView.swift"; sourceTree = "<group>"; };
		57AF99222174B10400521A99 /* bold.ttf */ = {isa = PBXFileReference; lastKnownFileType = file; path = bold.ttf; sourceTree = "<group>"; };
		57AF99232174B10500521A99 /* black.ttf */ = {isa = PBXFileReference; lastKnownFileType = file; path = black.ttf; sourceTree = "<group>"; };
		57AF99242174B10500521A99 /* medium_italic.ttf */ = {isa = PBXFileReference; lastKnownFileType = file; path = medium_italic.ttf; sourceTree = "<group>"; };
		57AF99252174B10500521A99 /* regular_italic.ttf */ = {isa = PBXFileReference; lastKnownFileType = file; path = regular_italic.ttf; sourceTree = "<group>"; };
		57AF99262174B10500521A99 /* ultra.ttf */ = {isa = PBXFileReference; lastKnownFileType = file; path = ultra.ttf; sourceTree = "<group>"; };
		57AF99272174B10500521A99 /* black_italic.ttf */ = {isa = PBXFileReference; lastKnownFileType = file; path = black_italic.ttf; sourceTree = "<group>"; };
		57AF99282174B10500521A99 /* light.ttf */ = {isa = PBXFileReference; lastKnownFileType = file; path = light.ttf; sourceTree = "<group>"; };
		57AF99292174B10500521A99 /* light_italic.ttf */ = {isa = PBXFileReference; lastKnownFileType = file; path = light_italic.ttf; sourceTree = "<group>"; };
		57AF992A2174B10500521A99 /* regular.ttf */ = {isa = PBXFileReference; lastKnownFileType = file; path = regular.ttf; sourceTree = "<group>"; };
		57AF992B2174B10500521A99 /* bold_italic.ttf */ = {isa = PBXFileReference; lastKnownFileType = file; path = bold_italic.ttf; sourceTree = "<group>"; };
		57AF992C2174B10600521A99 /* medium.ttf */ = {isa = PBXFileReference; lastKnownFileType = file; path = medium.ttf; sourceTree = "<group>"; };
		57AF992D2174B10600521A99 /* ultra_italic.ttf */ = {isa = PBXFileReference; lastKnownFileType = file; path = ultra_italic.ttf; sourceTree = "<group>"; };
		57AF993B2174B54100521A99 /* CustomBWWalkthroughPageViewController.swift */ = {isa = PBXFileReference; lastKnownFileType = sourcecode.swift; name = CustomBWWalkthroughPageViewController.swift; path = "Custom Classes/CustomBWWalkthroughPageViewController.swift"; sourceTree = "<group>"; };
		57AFB47220ADD9BB00C5B02B /* CustomKolodaView.swift */ = {isa = PBXFileReference; lastKnownFileType = sourcecode.swift; name = CustomKolodaView.swift; path = "Custom Classes/CustomKolodaView.swift"; sourceTree = "<group>"; };
		57B1C0D72171EBD90082F393 /* LevelAndTopic.storyboard */ = {isa = PBXFileReference; fileEncoding = 4; lastKnownFileType = file.storyboard; name = LevelAndTopic.storyboard; path = Views/LevelAndTopic.storyboard; sourceTree = "<group>"; };
		57B38C682148565600AF3B95 /* UIViewController+BlurEffect.swift */ = {isa = PBXFileReference; lastKnownFileType = sourcecode.swift; name = "UIViewController+BlurEffect.swift"; path = "Extensions/UIViewController+BlurEffect.swift"; sourceTree = "<group>"; };
		57B9B08220ADA06400535920 /* OverlayView.xib */ = {isa = PBXFileReference; lastKnownFileType = file.xib; name = OverlayView.xib; path = Views/OverlayView.xib; sourceTree = "<group>"; };
		57BD20CC211B7E1700278E40 /* wrong.mp3 */ = {isa = PBXFileReference; lastKnownFileType = audio.mp3; name = wrong.mp3; path = Sounds/wrong.mp3; sourceTree = "<group>"; };
		57BD20CD211B7E1700278E40 /* win.mp3 */ = {isa = PBXFileReference; lastKnownFileType = audio.mp3; name = win.mp3; path = Sounds/win.mp3; sourceTree = "<group>"; };
		57BD20CE211B7E1700278E40 /* lose.mp3 */ = {isa = PBXFileReference; lastKnownFileType = audio.mp3; name = lose.mp3; path = Sounds/lose.mp3; sourceTree = "<group>"; };
		57BD20CF211B7E1700278E40 /* right.mp3 */ = {isa = PBXFileReference; lastKnownFileType = audio.mp3; name = right.mp3; path = Sounds/right.mp3; sourceTree = "<group>"; };
		57BD20D0211B7E1700278E40 /* splash.mp3 */ = {isa = PBXFileReference; lastKnownFileType = audio.mp3; name = splash.mp3; path = Sounds/splash.mp3; sourceTree = "<group>"; };
		57BD870F218B2B50003B4B7A /* RealmWord.swift */ = {isa = PBXFileReference; lastKnownFileType = sourcecode.swift; name = RealmWord.swift; path = "Models/Realm Models/RealmWord.swift"; sourceTree = "<group>"; };
		57BD8711218B2B90003B4B7A /* RealmUser.swift */ = {isa = PBXFileReference; lastKnownFileType = sourcecode.swift; name = RealmUser.swift; path = "Models/Realm Models/RealmUser.swift"; sourceTree = "<group>"; };
		57BD8713218B2BC3003B4B7A /* RealmLevel.swift */ = {isa = PBXFileReference; lastKnownFileType = sourcecode.swift; name = RealmLevel.swift; path = "Models/Realm Models/RealmLevel.swift"; sourceTree = "<group>"; };
		57BD8715218F2DA5003B4B7A /* peiring.mp3 */ = {isa = PBXFileReference; lastKnownFileType = audio.mp3; name = peiring.mp3; path = Sounds/peiring.mp3; sourceTree = "<group>"; };
		57C486DA21056B1900FC8862 /* String+ArrayToString.swift */ = {isa = PBXFileReference; lastKnownFileType = sourcecode.swift; name = "String+ArrayToString.swift"; path = "Extensions/String+ArrayToString.swift"; sourceTree = "<group>"; };
		57C49AFA216C1D30006957F1 /* WritingTextField.swift */ = {isa = PBXFileReference; lastKnownFileType = sourcecode.swift; name = WritingTextField.swift; path = "Custom Classes/WritingTextField.swift"; sourceTree = "<group>"; };
		57C49AFC216C1DE2006957F1 /* UIColor+customColors.swift */ = {isa = PBXFileReference; lastKnownFileType = sourcecode.swift; name = "UIColor+customColors.swift"; path = "Extensions/UIColor+customColors.swift"; sourceTree = "<group>"; };
		57C500D6209A721C0037CD03 /* ForgotPasswordViewController.swift */ = {isa = PBXFileReference; lastKnownFileType = sourcecode.swift; name = ForgotPasswordViewController.swift; path = Controllers/ForgotPasswordViewController.swift; sourceTree = "<group>"; };
		57C500D8209B00870037CD03 /* AlertHelper.swift */ = {isa = PBXFileReference; lastKnownFileType = sourcecode.swift; name = AlertHelper.swift; path = Helpers/AlertHelper.swift; sourceTree = "<group>"; };
		57CC0428208BD9AC002B1930 /* UIImageView+Color.swift */ = {isa = PBXFileReference; lastKnownFileType = sourcecode.swift; name = "UIImageView+Color.swift"; path = "Extensions/UIImageView+Color.swift"; sourceTree = "<group>"; };
		57CEA7E9216388770011CDB3 /* UIViewController+FirebaseStorage.swift */ = {isa = PBXFileReference; fileEncoding = 4; lastKnownFileType = sourcecode.swift; name = "UIViewController+FirebaseStorage.swift"; path = "Extensions/UIViewController+FirebaseStorage.swift"; sourceTree = "<group>"; };
		57CED0BB21428D5900CF04FB /* QuestionOrder.swift */ = {isa = PBXFileReference; lastKnownFileType = sourcecode.swift; name = QuestionOrder.swift; path = Models/QuestionOrder.swift; sourceTree = "<group>"; };
		57EFB8A821481F04007FD864 /* Learning.storyboard */ = {isa = PBXFileReference; fileEncoding = 4; lastKnownFileType = file.storyboard; name = Learning.storyboard; path = Views/Learning.storyboard; sourceTree = "<group>"; };
		57F755FF213AAD2A00F0011D /* LearnWord.swift */ = {isa = PBXFileReference; lastKnownFileType = sourcecode.swift; name = LearnWord.swift; path = Models/LearnWord.swift; sourceTree = "<group>"; };
		57F75601213AAD6500F0011D /* Writing.swift */ = {isa = PBXFileReference; lastKnownFileType = sourcecode.swift; name = Writing.swift; path = Models/Writing.swift; sourceTree = "<group>"; };
		57F75603213AADB900F0011D /* Sequence+Shuffled.swift */ = {isa = PBXFileReference; lastKnownFileType = sourcecode.swift; name = "Sequence+Shuffled.swift"; path = "Extensions/Sequence+Shuffled.swift"; sourceTree = "<group>"; };
		57F75605213AB20500F0011D /* Main.storyboard */ = {isa = PBXFileReference; fileEncoding = 4; lastKnownFileType = file.storyboard; name = Main.storyboard; path = Views/Main.storyboard; sourceTree = "<group>"; };
		57F75606213AB20500F0011D /* Login.storyboard */ = {isa = PBXFileReference; fileEncoding = 4; lastKnownFileType = file.storyboard; name = Login.storyboard; path = Views/Login.storyboard; sourceTree = "<group>"; };
		57F75607213AB20600F0011D /* Walkthrough.storyboard */ = {isa = PBXFileReference; fileEncoding = 4; lastKnownFileType = file.storyboard; name = Walkthrough.storyboard; path = Views/Walkthrough.storyboard; sourceTree = "<group>"; };
		57F75614213AB2A100F0011D /* AppDelegate.swift */ = {isa = PBXFileReference; fileEncoding = 4; lastKnownFileType = sourcecode.swift; path = AppDelegate.swift; sourceTree = "<group>"; };
		57F75615213AB2A100F0011D /* GoogleService-Info.plist */ = {isa = PBXFileReference; fileEncoding = 4; lastKnownFileType = text.plist.xml; path = "GoogleService-Info.plist"; sourceTree = "<group>"; };
		57F75616213AB2A100F0011D /* Info.plist */ = {isa = PBXFileReference; fileEncoding = 4; lastKnownFileType = text.plist.xml; path = Info.plist; sourceTree = "<group>"; };
		57F75618213AB2A100F0011D /* Sword.xcdatamodel */ = {isa = PBXFileReference; lastKnownFileType = wrapper.xcdatamodel; path = Sword.xcdatamodel; sourceTree = "<group>"; };
		57FB9F582157CA5E00F7418E /* WordLevelParameters-Info.plist */ = {isa = PBXFileReference; lastKnownFileType = text.plist.xml; name = "WordLevelParameters-Info.plist"; path = "Plist Files/WordLevelParameters-Info.plist"; sourceTree = "<group>"; };
		57FB9F5A2157CF2700F7418E /* Levels-Info.plist */ = {isa = PBXFileReference; lastKnownFileType = text.plist.xml; name = "Levels-Info.plist"; path = "Plist Files/Levels-Info.plist"; sourceTree = "<group>"; };
		57FB9F5C2157D23B00F7418E /* Stone.swift */ = {isa = PBXFileReference; lastKnownFileType = sourcecode.swift; name = Stone.swift; path = Models/Stone.swift; sourceTree = "<group>"; };
		B07DFF07EEDD8B6FB3D9D89E /* Pods-SwordTests.release.xcconfig */ = {isa = PBXFileReference; includeInIndex = 1; lastKnownFileType = text.xcconfig; name = "Pods-SwordTests.release.xcconfig"; path = "Pods/Target Support Files/Pods-SwordTests/Pods-SwordTests.release.xcconfig"; sourceTree = "<group>"; };
		BBE6497E0A71DB850291477E /* Pods-SwordTests.debug.xcconfig */ = {isa = PBXFileReference; includeInIndex = 1; lastKnownFileType = text.xcconfig; name = "Pods-SwordTests.debug.xcconfig"; path = "Pods/Target Support Files/Pods-SwordTests/Pods-SwordTests.debug.xcconfig"; sourceTree = "<group>"; };
		C4D7A8D878A84FE9577968EF /* Pods-Sword.release.xcconfig */ = {isa = PBXFileReference; includeInIndex = 1; lastKnownFileType = text.xcconfig; name = "Pods-Sword.release.xcconfig"; path = "Pods/Target Support Files/Pods-Sword/Pods-Sword.release.xcconfig"; sourceTree = "<group>"; };
		DD260DC010879E533EB071DF /* Pods_Sword.framework */ = {isa = PBXFileReference; explicitFileType = wrapper.framework; includeInIndex = 0; path = Pods_Sword.framework; sourceTree = BUILT_PRODUCTS_DIR; };
		FCE95F7548F3C4EA8A07A025 /* Pods_SwordTests.framework */ = {isa = PBXFileReference; explicitFileType = wrapper.framework; includeInIndex = 0; path = Pods_SwordTests.framework; sourceTree = BUILT_PRODUCTS_DIR; };
		FEFD10D4BA1ECB1DB43E235D /* Pods_SwordUITests.framework */ = {isa = PBXFileReference; explicitFileType = wrapper.framework; includeInIndex = 0; path = Pods_SwordUITests.framework; sourceTree = BUILT_PRODUCTS_DIR; };
/* End PBXFileReference section */

/* Begin PBXFrameworksBuildPhase section */
		5708670E2084EDCE00D4B8FF /* Frameworks */ = {
			isa = PBXFrameworksBuildPhase;
			buildActionMask = 2147483647;
			files = (
				3591E2A88F1CBD3CB8C78EFF /* Pods_Sword.framework in Frameworks */,
			);
			runOnlyForDeploymentPostprocessing = 0;
		};
		570867252084EDCF00D4B8FF /* Frameworks */ = {
			isa = PBXFrameworksBuildPhase;
			buildActionMask = 2147483647;
			files = (
				C3B2791C85AB8151F65954B7 /* Pods_SwordTests.framework in Frameworks */,
			);
			runOnlyForDeploymentPostprocessing = 0;
		};
		570867302084EDCF00D4B8FF /* Frameworks */ = {
			isa = PBXFrameworksBuildPhase;
			buildActionMask = 2147483647;
			files = (
				95DD60BAE9C8246535652FB7 /* Pods_SwordUITests.framework in Frameworks */,
			);
			runOnlyForDeploymentPostprocessing = 0;
		};
/* End PBXFrameworksBuildPhase section */

/* Begin PBXGroup section */
		4E38D78ABEA0687571CC6795 /* Frameworks */ = {
			isa = PBXGroup;
			children = (
				DD260DC010879E533EB071DF /* Pods_Sword.framework */,
				FCE95F7548F3C4EA8A07A025 /* Pods_SwordTests.framework */,
				FEFD10D4BA1ECB1DB43E235D /* Pods_SwordUITests.framework */,
			);
			name = Frameworks;
			sourceTree = "<group>";
		};
		570867082084EDCE00D4B8FF = {
			isa = PBXGroup;
			children = (
				570867132084EDCE00D4B8FF /* Sword */,
				5708672B2084EDCF00D4B8FF /* SwordTests */,
				570867362084EDCF00D4B8FF /* SwordUITests */,
				570867122084EDCE00D4B8FF /* Products */,
				E185E8F3AF92426A37A6E03B /* Pods */,
				4E38D78ABEA0687571CC6795 /* Frameworks */,
			);
			sourceTree = "<group>";
		};
		570867122084EDCE00D4B8FF /* Products */ = {
			isa = PBXGroup;
			children = (
				570867112084EDCE00D4B8FF /* Sword.app */,
				570867282084EDCF00D4B8FF /* SwordTests.xctest */,
				570867332084EDCF00D4B8FF /* SwordUITests.xctest */,
			);
			name = Products;
			sourceTree = "<group>";
		};
		570867132084EDCE00D4B8FF /* Sword */ = {
			isa = PBXGroup;
			children = (
				57144CF12157B47500E271F5 /* Utilities */,
				5793889E209DD4650081B4D2 /* Models */,
				5719B0D7208C9E3300962F1B /* Helpers */,
				57CC042D208BDF52002B1930 /* Views */,
				57CC042A208BDF04002B1930 /* Controllers */,
				57CC0427208BD955002B1930 /* Extensions */,
				57CC0424208BD63F002B1930 /* Custom Classes */,
				570867452084EDE400D4B8FF /* Supporting Files */,
			);
			path = Sword;
			sourceTree = "<group>";
		};
		5708672B2084EDCF00D4B8FF /* SwordTests */ = {
			isa = PBXGroup;
			children = (
				5708672C2084EDCF00D4B8FF /* SwordTests.swift */,
				5708672E2084EDCF00D4B8FF /* Info.plist */,
			);
			path = SwordTests;
			sourceTree = "<group>";
		};
		570867362084EDCF00D4B8FF /* SwordUITests */ = {
			isa = PBXGroup;
			children = (
				570867372084EDCF00D4B8FF /* SwordUITests.swift */,
				570867392084EDCF00D4B8FF /* Info.plist */,
			);
			path = SwordUITests;
			sourceTree = "<group>";
		};
		570867452084EDE400D4B8FF /* Supporting Files */ = {
			isa = PBXGroup;
			children = (
				57AF992E2174B11500521A99 /* Custom Font */,
				5720645B213EC9BE00BBEB73 /* Plist Files */,
				57F75614213AB2A100F0011D /* AppDelegate.swift */,
				57F75617213AB2A100F0011D /* Sword.xcdatamodeld */,
				57BD20BE211B718900278E40 /* Sounds */,
				5708671E2084EDCF00D4B8FF /* Assets.xcassets */,
			);
			name = "Supporting Files";
			sourceTree = "<group>";
		};
		570EC37921492D1400889D49 /* Duel */ = {
			isa = PBXGroup;
			children = (
				570EC37A21492D3B00889D49 /* FindOpponentViewController.swift */,
				570EC37C21492D8900889D49 /* DuelGameViewController.swift */,
				5704CED621833D1F000B5374 /* CardGameViewController.swift */,
				570EC37E21492E3B00889D49 /* GameResultViewController.swift */,
			);
			name = Duel;
			sourceTree = "<group>";
		};
		57144CF12157B47500E271F5 /* Utilities */ = {
			isa = PBXGroup;
			children = (
				57144CF22157B48F00E271F5 /* RealmUtilities.swift */,
				57619C2721861EE500D111A0 /* FirebaseUtilities.swift */,
			);
			name = Utilities;
			sourceTree = "<group>";
		};
		5719B0D7208C9E3300962F1B /* Helpers */ = {
			isa = PBXGroup;
			children = (
				5719B0D8208C9E4B00962F1B /* Reachability.swift */,
				57C500D8209B00870037CD03 /* AlertHelper.swift */,
			);
			name = Helpers;
			sourceTree = "<group>";
		};
		5720645B213EC9BE00BBEB73 /* Plist Files */ = {
			isa = PBXGroup;
			children = (
				57F75615213AB2A100F0011D /* GoogleService-Info.plist */,
				57F75616213AB2A100F0011D /* Info.plist */,
				57206459213EC92A00BBEB73 /* LearnWordsOrder-Info.plist */,
				57144CF42157B9DB00E271F5 /* DefaultProfilePictures.plist */,
				57FB9F582157CA5E00F7418E /* WordLevelParameters-Info.plist */,
				57FB9F5A2157CF2700F7418E /* Levels-Info.plist */,
			);
			name = "Plist Files";
			sourceTree = "<group>";
		};
		574CC32520A32012003F0AA9 /* Login */ = {
			isa = PBXGroup;
			children = (
				5720955020AD8B2C006C869D /* WalkthroughViewController.swift */,
				5719B0DC208CCE3A00962F1B /* LoginWithUserNameViewController.swift */,
				5719B0DE208CCE4B00962F1B /* LoginWithFaceBookViewController.swift */,
				5720955220AD8B34006C869D /* SignUpViewController.swift */,
				57C500D6209A721C0037CD03 /* ForgotPasswordViewController.swift */,
			);
			name = Login;
			sourceTree = "<group>";
		};
		574CC32620A32024003F0AA9 /* Main */ = {
			isa = PBXGroup;
			children = (
				574CC32920A32080003F0AA9 /* GameViewController.swift */,
				574CC32720A32056003F0AA9 /* PickWordsViewController.swift */,
				574CC32320A31EDA003F0AA9 /* CustomTabBarViewController.swift */,
				5720954E20AD8B1D006C869D /* MainViewController.swift */,
				574CC32B20A32095003F0AA9 /* MarketViewController.swift */,
				574CC32D20A320CA003F0AA9 /* RankViewController.swift */,
				574CC32F20A320E5003F0AA9 /* ProfileViewController.swift */,
				574CC33120A324FE003F0AA9 /* LevelViewController.swift */,
				574CC33320A32723003F0AA9 /* TopicsViewController.swift */,
			);
			name = Main;
			sourceTree = "<group>";
		};
		5793889E209DD4650081B4D2 /* Models */ = {
			isa = PBXGroup;
			children = (
				57BD870E218B2B1E003B4B7A /* Base Models */,
				57BD870D218B2AF0003B4B7A /* Realm Models */,
				57CCCAE9215653AE0056BD80 /* Duel Models */,
				57EDF42F2135A11300345B64 /* Learning Models */,
			);
			name = Models;
			sourceTree = "<group>";
		};
		57AF992E2174B11500521A99 /* Custom Font */ = {
			isa = PBXGroup;
			children = (
				57AF99272174B10500521A99 /* black_italic.ttf */,
				57AF99232174B10500521A99 /* black.ttf */,
				57AF992B2174B10500521A99 /* bold_italic.ttf */,
				57AF99222174B10400521A99 /* bold.ttf */,
				57AF99292174B10500521A99 /* light_italic.ttf */,
				57AF99282174B10500521A99 /* light.ttf */,
				57AF99242174B10500521A99 /* medium_italic.ttf */,
				57AF992C2174B10600521A99 /* medium.ttf */,
				57AF99252174B10500521A99 /* regular_italic.ttf */,
				57AF992A2174B10500521A99 /* regular.ttf */,
				57AF992D2174B10600521A99 /* ultra_italic.ttf */,
				57AF99262174B10500521A99 /* ultra.ttf */,
			);
			name = "Custom Font";
			sourceTree = "<group>";
		};
		57BD20BE211B718900278E40 /* Sounds */ = {
			isa = PBXGroup;
			children = (
				57BD8715218F2DA5003B4B7A /* peiring.mp3 */,
				57BD20CE211B7E1700278E40 /* lose.mp3 */,
				57BD20CF211B7E1700278E40 /* right.mp3 */,
				57BD20D0211B7E1700278E40 /* splash.mp3 */,
				57BD20CD211B7E1700278E40 /* win.mp3 */,
				57BD20CC211B7E1700278E40 /* wrong.mp3 */,
			);
			name = Sounds;
			sourceTree = "<group>";
		};
		57BD20DA211B818C00278E40 /* Learn */ = {
			isa = PBXGroup;
			children = (
				57798C5021132E52009A2678 /* ToBeLearnedWordsViewController.swift */,
				57798C5221137E91009A2678 /* LearnViewController.swift */,
				572A806C2142BA9700102D54 /* LearnResultViewController.swift */,
			);
			name = Learn;
			sourceTree = "<group>";
		};
		57BD870D218B2AF0003B4B7A /* Realm Models */ = {
			isa = PBXGroup;
			children = (
				5737FAFD20D2F5CA00209C9F /* RealmTopic.swift */,
				57BD870F218B2B50003B4B7A /* RealmWord.swift */,
				57BD8711218B2B90003B4B7A /* RealmUser.swift */,
				57BD8713218B2BC3003B4B7A /* RealmLevel.swift */,
			);
			name = "Realm Models";
			sourceTree = "<group>";
		};
		57BD870E218B2B1E003B4B7A /* Base Models */ = {
			isa = PBXGroup;
			children = (
				5793889F209DD4790081B4D2 /* User.swift */,
				578CFB5C20CC19F80051F56C /* Word.swift */,
				577761C520F246C40008C849 /* Level.swift */,
				577761C720F29D2A0008C849 /* Topic.swift */,
				57FB9F5C2157D23B00F7418E /* Stone.swift */,
			);
			name = "Base Models";
			sourceTree = "<group>";
		};
		57CC0424208BD63F002B1930 /* Custom Classes */ = {
			isa = PBXGroup;
			children = (
				5796C025216AA44B00CB3CD9 /* CustomView.swift */,
				57AFB47220ADD9BB00C5B02B /* CustomKolodaView.swift */,
				57A32BC620AF09D200857A02 /* CustomOverlayView.swift */,
				571944C320DF808200C3E56B /* CustomViewController.swift */,
				571944C520DF82E200C3E56B /* CustomMainViewController.swift */,
				5797EB6A213C236C002E6761 /* MultipleSelectionButton.swift */,
				5796C023216A9D8A00CB3CD9 /* CustomButton.swift */,
				57C49AFA216C1D30006957F1 /* WritingTextField.swift */,
				57AF993B2174B54100521A99 /* CustomBWWalkthroughPageViewController.swift */,
			);
			name = "Custom Classes";
			sourceTree = "<group>";
		};
		57CC0427208BD955002B1930 /* Extensions */ = {
			isa = PBXGroup;
			children = (
				57CEA7E9216388770011CDB3 /* UIViewController+FirebaseStorage.swift */,
				57CC0428208BD9AC002B1930 /* UIImageView+Color.swift */,
				579388A5209E07590081B4D2 /* Date+toMillis.swift */,
				578CFB5E20CC2DC50051F56C /* Date+TimeStampToDate.swift */,
				575EDA9820E92ABB00CA4D06 /* UIViewController+activityIndicatorStatus.swift */,
				57B38C682148565600AF3B95 /* UIViewController+BlurEffect.swift */,
				57C486DA21056B1900FC8862 /* String+ArrayToString.swift */,
				57A0E819210E6F3200C4C584 /* UILabel+addImage.swift */,
				57F75603213AADB900F0011D /* Sequence+Shuffled.swift */,
				57206457213EB1F700BBEB73 /* AVAudioPlayer+playSoundWithName.swift */,
				579C80FE216B364900D4F146 /* GTProgressBar+update.swift */,
				57C49AFC216C1DE2006957F1 /* UIColor+customColors.swift */,
			);
			name = Extensions;
			sourceTree = "<group>";
		};
		57CC042A208BDF04002B1930 /* Controllers */ = {
			isa = PBXGroup;
			children = (
				570EC37921492D1400889D49 /* Duel */,
				57BD20DA211B818C00278E40 /* Learn */,
				574CC32620A32024003F0AA9 /* Main */,
				574CC32520A32012003F0AA9 /* Login */,
			);
			name = Controllers;
			sourceTree = "<group>";
		};
		57CC042D208BDF52002B1930 /* Views */ = {
			isa = PBXGroup;
			children = (
				57F75606213AB20500F0011D /* Login.storyboard */,
				57F75605213AB20500F0011D /* Main.storyboard */,
				570EC38021492FAB00889D49 /* Game.storyboard */,
				57EFB8A821481F04007FD864 /* Learning.storyboard */,
				57B1C0D72171EBD90082F393 /* LevelAndTopic.storyboard */,
				57F75607213AB20600F0011D /* Walkthrough.storyboard */,
				570867202084EDCF00D4B8FF /* LaunchScreen.storyboard */,
				57B9B08220ADA06400535920 /* OverlayView.xib */,
			);
			name = Views;
			sourceTree = "<group>";
		};
		57CCCAE9215653AE0056BD80 /* Duel Models */ = {
			isa = PBXGroup;
			children = (
				574AA247217B6F0500731266 /* Game.swift */,
			);
			name = "Duel Models";
			sourceTree = "<group>";
		};
		57EDF42F2135A11300345B64 /* Learning Models */ = {
			isa = PBXGroup;
			children = (
				571A0A772129CA7A0030F306 /* Answer.swift */,
				571A0A792129CA9B0030F306 /* Question.swift */,
				57F755FF213AAD2A00F0011D /* LearnWord.swift */,
				571A0A7B2129E0900030F306 /* MultipleSelection.swift */,
				57F75601213AAD6500F0011D /* Writing.swift */,
				57939D84213D45B300FEAD05 /* Quiz.swift */,
				57CED0BB21428D5900CF04FB /* QuestionOrder.swift */,
			);
			name = "Learning Models";
			sourceTree = "<group>";
		};
		E185E8F3AF92426A37A6E03B /* Pods */ = {
			isa = PBXGroup;
			children = (
				052A693EFB448F288F0E5A15 /* Pods-Sword.debug.xcconfig */,
				C4D7A8D878A84FE9577968EF /* Pods-Sword.release.xcconfig */,
				BBE6497E0A71DB850291477E /* Pods-SwordTests.debug.xcconfig */,
				B07DFF07EEDD8B6FB3D9D89E /* Pods-SwordTests.release.xcconfig */,
				0019CDF9469894C7672CEA2D /* Pods-SwordUITests.debug.xcconfig */,
				52EBB1601D0099C3084EA62C /* Pods-SwordUITests.release.xcconfig */,
			);
			name = Pods;
			sourceTree = "<group>";
		};
/* End PBXGroup section */

/* Begin PBXNativeTarget section */
		570867102084EDCE00D4B8FF /* Sword */ = {
			isa = PBXNativeTarget;
			buildConfigurationList = 5708673C2084EDCF00D4B8FF /* Build configuration list for PBXNativeTarget "Sword" */;
			buildPhases = (
				424F5E4B9998AAD1D7E1FE19 /* [CP] Check Pods Manifest.lock */,
				5708670D2084EDCE00D4B8FF /* Sources */,
				5708670E2084EDCE00D4B8FF /* Frameworks */,
				5708670F2084EDCE00D4B8FF /* Resources */,
				9A0E7C29AA3E05DCD2A5A6A3 /* [CP] Embed Pods Frameworks */,
			);
			buildRules = (
			);
			dependencies = (
			);
			name = Sword;
			productName = Sword;
			productReference = 570867112084EDCE00D4B8FF /* Sword.app */;
			productType = "com.apple.product-type.application";
		};
		570867272084EDCF00D4B8FF /* SwordTests */ = {
			isa = PBXNativeTarget;
			buildConfigurationList = 5708673F2084EDCF00D4B8FF /* Build configuration list for PBXNativeTarget "SwordTests" */;
			buildPhases = (
				CAEA0739ACC78B7820D268EE /* [CP] Check Pods Manifest.lock */,
				570867242084EDCF00D4B8FF /* Sources */,
				570867252084EDCF00D4B8FF /* Frameworks */,
				570867262084EDCF00D4B8FF /* Resources */,
			);
			buildRules = (
			);
			dependencies = (
				5708672A2084EDCF00D4B8FF /* PBXTargetDependency */,
			);
			name = SwordTests;
			productName = SwordTests;
			productReference = 570867282084EDCF00D4B8FF /* SwordTests.xctest */;
			productType = "com.apple.product-type.bundle.unit-test";
		};
		570867322084EDCF00D4B8FF /* SwordUITests */ = {
			isa = PBXNativeTarget;
			buildConfigurationList = 570867422084EDCF00D4B8FF /* Build configuration list for PBXNativeTarget "SwordUITests" */;
			buildPhases = (
				52205980042346C8D60AC190 /* [CP] Check Pods Manifest.lock */,
				5708672F2084EDCF00D4B8FF /* Sources */,
				570867302084EDCF00D4B8FF /* Frameworks */,
				570867312084EDCF00D4B8FF /* Resources */,
			);
			buildRules = (
			);
			dependencies = (
				570867352084EDCF00D4B8FF /* PBXTargetDependency */,
			);
			name = SwordUITests;
			productName = SwordUITests;
			productReference = 570867332084EDCF00D4B8FF /* SwordUITests.xctest */;
			productType = "com.apple.product-type.bundle.ui-testing";
		};
/* End PBXNativeTarget section */

/* Begin PBXProject section */
		570867092084EDCE00D4B8FF /* Project object */ = {
			isa = PBXProject;
			attributes = {
				LastSwiftUpdateCheck = 0930;
				LastUpgradeCheck = 0930;
				ORGANIZATIONNAME = "Muhammed Karakul";
				TargetAttributes = {
					570867102084EDCE00D4B8FF = {
						CreatedOnToolsVersion = 9.3;
						LastSwiftMigration = 1000;
					};
					570867272084EDCF00D4B8FF = {
						CreatedOnToolsVersion = 9.3;
						LastSwiftMigration = 1000;
						TestTargetID = 570867102084EDCE00D4B8FF;
					};
					570867322084EDCF00D4B8FF = {
						CreatedOnToolsVersion = 9.3;
						LastSwiftMigration = 1000;
						TestTargetID = 570867102084EDCE00D4B8FF;
					};
				};
			};
			buildConfigurationList = 5708670C2084EDCE00D4B8FF /* Build configuration list for PBXProject "Sword" */;
			compatibilityVersion = "Xcode 9.3";
			developmentRegion = en;
			hasScannedForEncodings = 0;
			knownRegions = (
				en,
				Base,
			);
			mainGroup = 570867082084EDCE00D4B8FF;
			productRefGroup = 570867122084EDCE00D4B8FF /* Products */;
			projectDirPath = "";
			projectRoot = "";
			targets = (
				570867102084EDCE00D4B8FF /* Sword */,
				570867272084EDCF00D4B8FF /* SwordTests */,
				570867322084EDCF00D4B8FF /* SwordUITests */,
			);
		};
/* End PBXProject section */

/* Begin PBXResourcesBuildPhase section */
		5708670F2084EDCE00D4B8FF /* Resources */ = {
			isa = PBXResourcesBuildPhase;
			buildActionMask = 2147483647;
			files = (
				57AF992F2174B16A00521A99 /* black_italic.ttf in Resources */,
				57AF99302174B16A00521A99 /* black.ttf in Resources */,
				57AF99312174B16A00521A99 /* bold_italic.ttf in Resources */,
				57AF99322174B16A00521A99 /* bold.ttf in Resources */,
				57AF99332174B16A00521A99 /* light_italic.ttf in Resources */,
				57AF99342174B16A00521A99 /* light.ttf in Resources */,
				57AF99352174B16A00521A99 /* medium_italic.ttf in Resources */,
				57AF99362174B16A00521A99 /* medium.ttf in Resources */,
				57AF99372174B16A00521A99 /* regular_italic.ttf in Resources */,
				57AF99382174B16A00521A99 /* regular.ttf in Resources */,
				57AF99392174B16A00521A99 /* ultra_italic.ttf in Resources */,
				57AF993A2174B16A00521A99 /* ultra.ttf in Resources */,
				57B9B08320ADA06400535920 /* OverlayView.xib in Resources */,
				570EC38121492FAB00889D49 /* Game.storyboard in Resources */,
				570867222084EDCF00D4B8FF /* LaunchScreen.storyboard in Resources */,
				57F7561A213AB2A100F0011D /* GoogleService-Info.plist in Resources */,
				57FB9F5B2157CF2700F7418E /* Levels-Info.plist in Resources */,
				57BD20D6211B7E1700278E40 /* splash.mp3 in Resources */,
				57BD20D2211B7E1700278E40 /* wrong.mp3 in Resources */,
				57FB9F592157CA5E00F7418E /* WordLevelParameters-Info.plist in Resources */,
				57BD20D3211B7E1700278E40 /* win.mp3 in Resources */,
				57F75608213AB20600F0011D /* Main.storyboard in Resources */,
				57F75609213AB20600F0011D /* Login.storyboard in Resources */,
				57BD8716218F2DA5003B4B7A /* peiring.mp3 in Resources */,
				57EFB8A921481F04007FD864 /* Learning.storyboard in Resources */,
				57B1C0D82171EBD90082F393 /* LevelAndTopic.storyboard in Resources */,
				57BD20D5211B7E1700278E40 /* right.mp3 in Resources */,
				57F7560A213AB20600F0011D /* Walkthrough.storyboard in Resources */,
				5708671F2084EDCF00D4B8FF /* Assets.xcassets in Resources */,
				57BD20D4211B7E1700278E40 /* lose.mp3 in Resources */,
				5720645A213EC92A00BBEB73 /* LearnWordsOrder-Info.plist in Resources */,
				57144CF52157B9DB00E271F5 /* DefaultProfilePictures.plist in Resources */,
			);
			runOnlyForDeploymentPostprocessing = 0;
		};
		570867262084EDCF00D4B8FF /* Resources */ = {
			isa = PBXResourcesBuildPhase;
			buildActionMask = 2147483647;
			files = (
			);
			runOnlyForDeploymentPostprocessing = 0;
		};
		570867312084EDCF00D4B8FF /* Resources */ = {
			isa = PBXResourcesBuildPhase;
			buildActionMask = 2147483647;
			files = (
			);
			runOnlyForDeploymentPostprocessing = 0;
		};
/* End PBXResourcesBuildPhase section */

/* Begin PBXShellScriptBuildPhase section */
		424F5E4B9998AAD1D7E1FE19 /* [CP] Check Pods Manifest.lock */ = {
			isa = PBXShellScriptBuildPhase;
			buildActionMask = 2147483647;
			files = (
			);
			inputPaths = (
				"${PODS_PODFILE_DIR_PATH}/Podfile.lock",
				"${PODS_ROOT}/Manifest.lock",
			);
			name = "[CP] Check Pods Manifest.lock";
			outputPaths = (
				"$(DERIVED_FILE_DIR)/Pods-Sword-checkManifestLockResult.txt",
			);
			runOnlyForDeploymentPostprocessing = 0;
			shellPath = /bin/sh;
			shellScript = "diff \"${PODS_PODFILE_DIR_PATH}/Podfile.lock\" \"${PODS_ROOT}/Manifest.lock\" > /dev/null\nif [ $? != 0 ] ; then\n    # print error to STDERR\n    echo \"error: The sandbox is not in sync with the Podfile.lock. Run 'pod install' or update your CocoaPods installation.\" >&2\n    exit 1\nfi\n# This output is used by Xcode 'outputs' to avoid re-running this script phase.\necho \"SUCCESS\" > \"${SCRIPT_OUTPUT_FILE_0}\"\n";
			showEnvVarsInLog = 0;
		};
		52205980042346C8D60AC190 /* [CP] Check Pods Manifest.lock */ = {
			isa = PBXShellScriptBuildPhase;
			buildActionMask = 2147483647;
			files = (
			);
			inputPaths = (
				"${PODS_PODFILE_DIR_PATH}/Podfile.lock",
				"${PODS_ROOT}/Manifest.lock",
			);
			name = "[CP] Check Pods Manifest.lock";
			outputPaths = (
				"$(DERIVED_FILE_DIR)/Pods-SwordUITests-checkManifestLockResult.txt",
			);
			runOnlyForDeploymentPostprocessing = 0;
			shellPath = /bin/sh;
			shellScript = "diff \"${PODS_PODFILE_DIR_PATH}/Podfile.lock\" \"${PODS_ROOT}/Manifest.lock\" > /dev/null\nif [ $? != 0 ] ; then\n    # print error to STDERR\n    echo \"error: The sandbox is not in sync with the Podfile.lock. Run 'pod install' or update your CocoaPods installation.\" >&2\n    exit 1\nfi\n# This output is used by Xcode 'outputs' to avoid re-running this script phase.\necho \"SUCCESS\" > \"${SCRIPT_OUTPUT_FILE_0}\"\n";
			showEnvVarsInLog = 0;
		};
		9A0E7C29AA3E05DCD2A5A6A3 /* [CP] Embed Pods Frameworks */ = {
			isa = PBXShellScriptBuildPhase;
			buildActionMask = 2147483647;
			files = (
			);
			inputPaths = (
				"${SRCROOT}/Pods/Target Support Files/Pods-Sword/Pods-Sword-frameworks.sh",
				"${BUILT_PRODUCTS_DIR}/BWWalkthrough/BWWalkthrough.framework",
				"${BUILT_PRODUCTS_DIR}/BoringSSL/openssl.framework",
				"${BUILT_PRODUCTS_DIR}/DeviceKit/DeviceKit.framework",
				"${BUILT_PRODUCTS_DIR}/GTMSessionFetcher/GTMSessionFetcher.framework",
				"${BUILT_PRODUCTS_DIR}/GTProgressBar/GTProgressBar.framework",
				"${BUILT_PRODUCTS_DIR}/GoogleToolboxForMac/GoogleToolboxForMac.framework",
				"${BUILT_PRODUCTS_DIR}/GoogleUtilities/GoogleUtilities.framework",
				"${BUILT_PRODUCTS_DIR}/Koloda/Koloda.framework",
				"${BUILT_PRODUCTS_DIR}/ProgressHUD/ProgressHUD.framework",
				"${BUILT_PRODUCTS_DIR}/Protobuf/Protobuf.framework",
				"${BUILT_PRODUCTS_DIR}/Realm/Realm.framework",
				"${BUILT_PRODUCTS_DIR}/RealmSwift/RealmSwift.framework",
				"${BUILT_PRODUCTS_DIR}/SwiftyPlistManager/SwiftyPlistManager.framework",
				"${BUILT_PRODUCTS_DIR}/UICircularProgressRing/UICircularProgressRing.framework",
				"${BUILT_PRODUCTS_DIR}/gRPC/GRPCClient.framework",
				"${BUILT_PRODUCTS_DIR}/gRPC-C++/grpcpp.framework",
				"${BUILT_PRODUCTS_DIR}/gRPC-Core/grpc.framework",
				"${BUILT_PRODUCTS_DIR}/gRPC-ProtoRPC/ProtoRPC.framework",
				"${BUILT_PRODUCTS_DIR}/gRPC-RxLibrary/RxLibrary.framework",
				"${BUILT_PRODUCTS_DIR}/leveldb-library/leveldb.framework",
				"${BUILT_PRODUCTS_DIR}/nanopb/nanopb.framework",
				"${BUILT_PRODUCTS_DIR}/pop/pop.framework",
			);
			name = "[CP] Embed Pods Frameworks";
			outputPaths = (
				"${TARGET_BUILD_DIR}/${FRAMEWORKS_FOLDER_PATH}/BWWalkthrough.framework",
				"${TARGET_BUILD_DIR}/${FRAMEWORKS_FOLDER_PATH}/openssl.framework",
				"${TARGET_BUILD_DIR}/${FRAMEWORKS_FOLDER_PATH}/DeviceKit.framework",
				"${TARGET_BUILD_DIR}/${FRAMEWORKS_FOLDER_PATH}/GTMSessionFetcher.framework",
				"${TARGET_BUILD_DIR}/${FRAMEWORKS_FOLDER_PATH}/GTProgressBar.framework",
				"${TARGET_BUILD_DIR}/${FRAMEWORKS_FOLDER_PATH}/GoogleToolboxForMac.framework",
				"${TARGET_BUILD_DIR}/${FRAMEWORKS_FOLDER_PATH}/GoogleUtilities.framework",
				"${TARGET_BUILD_DIR}/${FRAMEWORKS_FOLDER_PATH}/Koloda.framework",
				"${TARGET_BUILD_DIR}/${FRAMEWORKS_FOLDER_PATH}/ProgressHUD.framework",
				"${TARGET_BUILD_DIR}/${FRAMEWORKS_FOLDER_PATH}/Protobuf.framework",
				"${TARGET_BUILD_DIR}/${FRAMEWORKS_FOLDER_PATH}/Realm.framework",
				"${TARGET_BUILD_DIR}/${FRAMEWORKS_FOLDER_PATH}/RealmSwift.framework",
				"${TARGET_BUILD_DIR}/${FRAMEWORKS_FOLDER_PATH}/SwiftyPlistManager.framework",
				"${TARGET_BUILD_DIR}/${FRAMEWORKS_FOLDER_PATH}/UICircularProgressRing.framework",
				"${TARGET_BUILD_DIR}/${FRAMEWORKS_FOLDER_PATH}/GRPCClient.framework",
				"${TARGET_BUILD_DIR}/${FRAMEWORKS_FOLDER_PATH}/grpcpp.framework",
				"${TARGET_BUILD_DIR}/${FRAMEWORKS_FOLDER_PATH}/grpc.framework",
				"${TARGET_BUILD_DIR}/${FRAMEWORKS_FOLDER_PATH}/ProtoRPC.framework",
				"${TARGET_BUILD_DIR}/${FRAMEWORKS_FOLDER_PATH}/RxLibrary.framework",
				"${TARGET_BUILD_DIR}/${FRAMEWORKS_FOLDER_PATH}/leveldb.framework",
				"${TARGET_BUILD_DIR}/${FRAMEWORKS_FOLDER_PATH}/nanopb.framework",
				"${TARGET_BUILD_DIR}/${FRAMEWORKS_FOLDER_PATH}/pop.framework",
			);
			runOnlyForDeploymentPostprocessing = 0;
			shellPath = /bin/sh;
			shellScript = "\"${SRCROOT}/Pods/Target Support Files/Pods-Sword/Pods-Sword-frameworks.sh\"\n";
			showEnvVarsInLog = 0;
		};
		CAEA0739ACC78B7820D268EE /* [CP] Check Pods Manifest.lock */ = {
			isa = PBXShellScriptBuildPhase;
			buildActionMask = 2147483647;
			files = (
			);
			inputPaths = (
				"${PODS_PODFILE_DIR_PATH}/Podfile.lock",
				"${PODS_ROOT}/Manifest.lock",
			);
			name = "[CP] Check Pods Manifest.lock";
			outputPaths = (
				"$(DERIVED_FILE_DIR)/Pods-SwordTests-checkManifestLockResult.txt",
			);
			runOnlyForDeploymentPostprocessing = 0;
			shellPath = /bin/sh;
			shellScript = "diff \"${PODS_PODFILE_DIR_PATH}/Podfile.lock\" \"${PODS_ROOT}/Manifest.lock\" > /dev/null\nif [ $? != 0 ] ; then\n    # print error to STDERR\n    echo \"error: The sandbox is not in sync with the Podfile.lock. Run 'pod install' or update your CocoaPods installation.\" >&2\n    exit 1\nfi\n# This output is used by Xcode 'outputs' to avoid re-running this script phase.\necho \"SUCCESS\" > \"${SCRIPT_OUTPUT_FILE_0}\"\n";
			showEnvVarsInLog = 0;
		};
/* End PBXShellScriptBuildPhase section */

/* Begin PBXSourcesBuildPhase section */
		5708670D2084EDCE00D4B8FF /* Sources */ = {
			isa = PBXSourcesBuildPhase;
			buildActionMask = 2147483647;
			files = (
				57F75619213AB2A100F0011D /* AppDelegate.swift in Sources */,
				579388A0209DD4790081B4D2 /* User.swift in Sources */,
				574CC33220A324FE003F0AA9 /* LevelViewController.swift in Sources */,
				57FB9F5D2157D23B00F7418E /* Stone.swift in Sources */,
				5796C024216A9D8A00CB3CD9 /* CustomButton.swift in Sources */,
				570EC37B21492D3B00889D49 /* FindOpponentViewController.swift in Sources */,
				57C486DB21056B1900FC8862 /* String+ArrayToString.swift in Sources */,
				57798C5121132E52009A2678 /* ToBeLearnedWordsViewController.swift in Sources */,
				570EC37D21492D8900889D49 /* DuelGameViewController.swift in Sources */,
				57619C2821861EE500D111A0 /* FirebaseUtilities.swift in Sources */,
				57C500D9209B00870037CD03 /* AlertHelper.swift in Sources */,
				574CC33020A320E5003F0AA9 /* ProfileViewController.swift in Sources */,
				571A0A7C2129E0900030F306 /* MultipleSelection.swift in Sources */,
				574CC33420A32723003F0AA9 /* TopicsViewController.swift in Sources */,
				57206458213EB1F700BBEB73 /* AVAudioPlayer+playSoundWithName.swift in Sources */,
				57CEA7EA216388770011CDB3 /* UIViewController+FirebaseStorage.swift in Sources */,
				579388A6209E07590081B4D2 /* Date+toMillis.swift in Sources */,
				5797EB6B213C236C002E6761 /* MultipleSelectionButton.swift in Sources */,
				5796C026216AA44B00CB3CD9 /* CustomView.swift in Sources */,
				575EDA9920E92ABB00CA4D06 /* UIViewController+activityIndicatorStatus.swift in Sources */,
				57BD8714218B2BC3003B4B7A /* RealmLevel.swift in Sources */,
				57144CF32157B48F00E271F5 /* RealmUtilities.swift in Sources */,
				5719B0D9208C9E4B00962F1B /* Reachability.swift in Sources */,
				570EC37F21492E3B00889D49 /* GameResultViewController.swift in Sources */,
				57CED0BC21428D5900CF04FB /* QuestionOrder.swift in Sources */,
				57BD8710218B2B50003B4B7A /* RealmWord.swift in Sources */,
				57AFB47320ADD9BB00C5B02B /* CustomKolodaView.swift in Sources */,
				57F7561C213AB2A100F0011D /* Sword.xcdatamodeld in Sources */,
				5720955120AD8B2C006C869D /* WalkthroughViewController.swift in Sources */,
				579C80FF216B364900D4F146 /* GTProgressBar+update.swift in Sources */,
				574CC32820A32056003F0AA9 /* PickWordsViewController.swift in Sources */,
				577761C820F29D2A0008C849 /* Topic.swift in Sources */,
				574CC32E20A320CA003F0AA9 /* RankViewController.swift in Sources */,
				57F75604213AADB900F0011D /* Sequence+Shuffled.swift in Sources */,
				57AF993C2174B54100521A99 /* CustomBWWalkthroughPageViewController.swift in Sources */,
				578CFB5D20CC19F80051F56C /* Word.swift in Sources */,
				57C500D7209A721C0037CD03 /* ForgotPasswordViewController.swift in Sources */,
				5737FAFE20D2F5CA00209C9F /* RealmTopic.swift in Sources */,
				571A0A7A2129CA9B0030F306 /* Question.swift in Sources */,
				57939D85213D45B300FEAD05 /* Quiz.swift in Sources */,
				5720954F20AD8B1D006C869D /* MainViewController.swift in Sources */,
				57F75602213AAD6500F0011D /* Writing.swift in Sources */,
				571944C620DF82E200C3E56B /* CustomMainViewController.swift in Sources */,
				5719B0DD208CCE3A00962F1B /* LoginWithUserNameViewController.swift in Sources */,
				574CC32420A31EDA003F0AA9 /* CustomTabBarViewController.swift in Sources */,
				5720955320AD8B34006C869D /* SignUpViewController.swift in Sources */,
				574CC32A20A32080003F0AA9 /* GameViewController.swift in Sources */,
				571944C420DF808200C3E56B /* CustomViewController.swift in Sources */,
				574AA248217B6F0500731266 /* Game.swift in Sources */,
				57B38C692148565700AF3B95 /* UIViewController+BlurEffect.swift in Sources */,
				5719B0DF208CCE4B00962F1B /* LoginWithFaceBookViewController.swift in Sources */,
				57CC0429208BD9AC002B1930 /* UIImageView+Color.swift in Sources */,
				57C49AFD216C1DE2006957F1 /* UIColor+customColors.swift in Sources */,
				5704CED721833D1F000B5374 /* CardGameViewController.swift in Sources */,
				57F75600213AAD2A00F0011D /* LearnWord.swift in Sources */,
				574CC32C20A32095003F0AA9 /* MarketViewController.swift in Sources */,
				57A32BC720AF09D200857A02 /* CustomOverlayView.swift in Sources */,
				572A806D2142BA9700102D54 /* LearnResultViewController.swift in Sources */,
				57798C5321137E91009A2678 /* LearnViewController.swift in Sources */,
				57BD8712218B2B91003B4B7A /* RealmUser.swift in Sources */,
				571A0A782129CA7A0030F306 /* Answer.swift in Sources */,
				578CFB5F20CC2DC50051F56C /* Date+TimeStampToDate.swift in Sources */,
				57A0E81A210E6F3200C4C584 /* UILabel+addImage.swift in Sources */,
				57C49AFB216C1D30006957F1 /* WritingTextField.swift in Sources */,
				577761C620F246C40008C849 /* Level.swift in Sources */,
			);
			runOnlyForDeploymentPostprocessing = 0;
		};
		570867242084EDCF00D4B8FF /* Sources */ = {
			isa = PBXSourcesBuildPhase;
			buildActionMask = 2147483647;
			files = (
				5708672D2084EDCF00D4B8FF /* SwordTests.swift in Sources */,
			);
			runOnlyForDeploymentPostprocessing = 0;
		};
		5708672F2084EDCF00D4B8FF /* Sources */ = {
			isa = PBXSourcesBuildPhase;
			buildActionMask = 2147483647;
			files = (
				570867382084EDCF00D4B8FF /* SwordUITests.swift in Sources */,
			);
			runOnlyForDeploymentPostprocessing = 0;
		};
/* End PBXSourcesBuildPhase section */

/* Begin PBXTargetDependency section */
		5708672A2084EDCF00D4B8FF /* PBXTargetDependency */ = {
			isa = PBXTargetDependency;
			target = 570867102084EDCE00D4B8FF /* Sword */;
			targetProxy = 570867292084EDCF00D4B8FF /* PBXContainerItemProxy */;
		};
		570867352084EDCF00D4B8FF /* PBXTargetDependency */ = {
			isa = PBXTargetDependency;
			target = 570867102084EDCE00D4B8FF /* Sword */;
			targetProxy = 570867342084EDCF00D4B8FF /* PBXContainerItemProxy */;
		};
/* End PBXTargetDependency section */

/* Begin PBXVariantGroup section */
		570867202084EDCF00D4B8FF /* LaunchScreen.storyboard */ = {
			isa = PBXVariantGroup;
			children = (
				570867212084EDCF00D4B8FF /* Base */,
			);
			name = LaunchScreen.storyboard;
			sourceTree = "<group>";
		};
/* End PBXVariantGroup section */

/* Begin XCBuildConfiguration section */
		5708673A2084EDCF00D4B8FF /* Debug */ = {
			isa = XCBuildConfiguration;
			buildSettings = {
				ALWAYS_SEARCH_USER_PATHS = NO;
				CLANG_ANALYZER_NONNULL = YES;
				CLANG_ANALYZER_NUMBER_OBJECT_CONVERSION = YES_AGGRESSIVE;
				CLANG_CXX_LANGUAGE_STANDARD = "gnu++14";
				CLANG_CXX_LIBRARY = "libc++";
				CLANG_ENABLE_MODULES = YES;
				CLANG_ENABLE_OBJC_ARC = YES;
				CLANG_ENABLE_OBJC_WEAK = YES;
				CLANG_WARN_BLOCK_CAPTURE_AUTORELEASING = YES;
				CLANG_WARN_BOOL_CONVERSION = YES;
				CLANG_WARN_COMMA = YES;
				CLANG_WARN_CONSTANT_CONVERSION = YES;
				CLANG_WARN_DEPRECATED_OBJC_IMPLEMENTATIONS = YES;
				CLANG_WARN_DIRECT_OBJC_ISA_USAGE = YES_ERROR;
				CLANG_WARN_DOCUMENTATION_COMMENTS = YES;
				CLANG_WARN_EMPTY_BODY = YES;
				CLANG_WARN_ENUM_CONVERSION = YES;
				CLANG_WARN_INFINITE_RECURSION = YES;
				CLANG_WARN_INT_CONVERSION = YES;
				CLANG_WARN_NON_LITERAL_NULL_CONVERSION = YES;
				CLANG_WARN_OBJC_IMPLICIT_RETAIN_SELF = YES;
				CLANG_WARN_OBJC_LITERAL_CONVERSION = YES;
				CLANG_WARN_OBJC_ROOT_CLASS = YES_ERROR;
				CLANG_WARN_RANGE_LOOP_ANALYSIS = YES;
				CLANG_WARN_STRICT_PROTOTYPES = YES;
				CLANG_WARN_SUSPICIOUS_MOVE = YES;
				CLANG_WARN_UNGUARDED_AVAILABILITY = YES_AGGRESSIVE;
				CLANG_WARN_UNREACHABLE_CODE = YES;
				CLANG_WARN__DUPLICATE_METHOD_MATCH = YES;
				CODE_SIGN_IDENTITY = "iPhone Developer";
				COPY_PHASE_STRIP = NO;
				DEBUG_INFORMATION_FORMAT = dwarf;
				ENABLE_STRICT_OBJC_MSGSEND = YES;
				ENABLE_TESTABILITY = YES;
				GCC_C_LANGUAGE_STANDARD = gnu11;
				GCC_DYNAMIC_NO_PIC = NO;
				GCC_NO_COMMON_BLOCKS = YES;
				GCC_OPTIMIZATION_LEVEL = 0;
				GCC_PREPROCESSOR_DEFINITIONS = (
					"DEBUG=1",
					"$(inherited)",
				);
				GCC_WARN_64_TO_32_BIT_CONVERSION = YES;
				GCC_WARN_ABOUT_RETURN_TYPE = YES_ERROR;
				GCC_WARN_UNDECLARED_SELECTOR = YES;
				GCC_WARN_UNINITIALIZED_AUTOS = YES_AGGRESSIVE;
				GCC_WARN_UNUSED_FUNCTION = YES;
				GCC_WARN_UNUSED_VARIABLE = YES;
				IPHONEOS_DEPLOYMENT_TARGET = 11.3;
				MTL_ENABLE_DEBUG_INFO = YES;
				ONLY_ACTIVE_ARCH = YES;
				SDKROOT = iphoneos;
				SWIFT_ACTIVE_COMPILATION_CONDITIONS = DEBUG;
				SWIFT_OPTIMIZATION_LEVEL = "-Onone";
			};
			name = Debug;
		};
		5708673B2084EDCF00D4B8FF /* Release */ = {
			isa = XCBuildConfiguration;
			buildSettings = {
				ALWAYS_SEARCH_USER_PATHS = NO;
				CLANG_ANALYZER_NONNULL = YES;
				CLANG_ANALYZER_NUMBER_OBJECT_CONVERSION = YES_AGGRESSIVE;
				CLANG_CXX_LANGUAGE_STANDARD = "gnu++14";
				CLANG_CXX_LIBRARY = "libc++";
				CLANG_ENABLE_MODULES = YES;
				CLANG_ENABLE_OBJC_ARC = YES;
				CLANG_ENABLE_OBJC_WEAK = YES;
				CLANG_WARN_BLOCK_CAPTURE_AUTORELEASING = YES;
				CLANG_WARN_BOOL_CONVERSION = YES;
				CLANG_WARN_COMMA = YES;
				CLANG_WARN_CONSTANT_CONVERSION = YES;
				CLANG_WARN_DEPRECATED_OBJC_IMPLEMENTATIONS = YES;
				CLANG_WARN_DIRECT_OBJC_ISA_USAGE = YES_ERROR;
				CLANG_WARN_DOCUMENTATION_COMMENTS = YES;
				CLANG_WARN_EMPTY_BODY = YES;
				CLANG_WARN_ENUM_CONVERSION = YES;
				CLANG_WARN_INFINITE_RECURSION = YES;
				CLANG_WARN_INT_CONVERSION = YES;
				CLANG_WARN_NON_LITERAL_NULL_CONVERSION = YES;
				CLANG_WARN_OBJC_IMPLICIT_RETAIN_SELF = YES;
				CLANG_WARN_OBJC_LITERAL_CONVERSION = YES;
				CLANG_WARN_OBJC_ROOT_CLASS = YES_ERROR;
				CLANG_WARN_RANGE_LOOP_ANALYSIS = YES;
				CLANG_WARN_STRICT_PROTOTYPES = YES;
				CLANG_WARN_SUSPICIOUS_MOVE = YES;
				CLANG_WARN_UNGUARDED_AVAILABILITY = YES_AGGRESSIVE;
				CLANG_WARN_UNREACHABLE_CODE = YES;
				CLANG_WARN__DUPLICATE_METHOD_MATCH = YES;
				CODE_SIGN_IDENTITY = "iPhone Developer";
				COPY_PHASE_STRIP = NO;
				DEBUG_INFORMATION_FORMAT = "dwarf-with-dsym";
				ENABLE_NS_ASSERTIONS = NO;
				ENABLE_STRICT_OBJC_MSGSEND = YES;
				GCC_C_LANGUAGE_STANDARD = gnu11;
				GCC_NO_COMMON_BLOCKS = YES;
				GCC_WARN_64_TO_32_BIT_CONVERSION = YES;
				GCC_WARN_ABOUT_RETURN_TYPE = YES_ERROR;
				GCC_WARN_UNDECLARED_SELECTOR = YES;
				GCC_WARN_UNINITIALIZED_AUTOS = YES_AGGRESSIVE;
				GCC_WARN_UNUSED_FUNCTION = YES;
				GCC_WARN_UNUSED_VARIABLE = YES;
				IPHONEOS_DEPLOYMENT_TARGET = 11.3;
				MTL_ENABLE_DEBUG_INFO = NO;
				SDKROOT = iphoneos;
				SWIFT_COMPILATION_MODE = wholemodule;
				SWIFT_OPTIMIZATION_LEVEL = "-O";
				VALIDATE_PRODUCT = YES;
			};
			name = Release;
		};
		5708673D2084EDCF00D4B8FF /* Debug */ = {
			isa = XCBuildConfiguration;
			baseConfigurationReference = 052A693EFB448F288F0E5A15 /* Pods-Sword.debug.xcconfig */;
			buildSettings = {
				ASSETCATALOG_COMPILER_APPICON_NAME = AppIcon;
				CODE_SIGN_IDENTITY = "iPhone Developer";
				CODE_SIGN_STYLE = Automatic;
				DEVELOPMENT_TEAM = NP973XPAN9;
				INFOPLIST_FILE = Sword/Info.plist;
				IPHONEOS_DEPLOYMENT_TARGET = 10.0;
				LD_RUNPATH_SEARCH_PATHS = (
					"$(inherited)",
					"@executable_path/Frameworks",
				);
				PRODUCT_BUNDLE_IDENTIFIER = com.swordApp.Sword;
				PRODUCT_NAME = "$(TARGET_NAME)";
				PROVISIONING_PROFILE_SPECIFIER = "";
				SWIFT_OBJC_BRIDGING_HEADER = "";
				SWIFT_VERSION = 4.2;
				TARGETED_DEVICE_FAMILY = 1;
			};
			name = Debug;
		};
		5708673E2084EDCF00D4B8FF /* Release */ = {
			isa = XCBuildConfiguration;
			baseConfigurationReference = C4D7A8D878A84FE9577968EF /* Pods-Sword.release.xcconfig */;
			buildSettings = {
				ASSETCATALOG_COMPILER_APPICON_NAME = AppIcon;
				CODE_SIGN_IDENTITY = "iPhone Developer";
				CODE_SIGN_STYLE = Automatic;
				DEVELOPMENT_TEAM = NP973XPAN9;
				INFOPLIST_FILE = Sword/Info.plist;
				IPHONEOS_DEPLOYMENT_TARGET = 10.0;
				LD_RUNPATH_SEARCH_PATHS = (
					"$(inherited)",
					"@executable_path/Frameworks",
				);
				PRODUCT_BUNDLE_IDENTIFIER = com.swordApp.Sword;
				PRODUCT_NAME = "$(TARGET_NAME)";
				PROVISIONING_PROFILE_SPECIFIER = "";
				SWIFT_OBJC_BRIDGING_HEADER = "";
				SWIFT_VERSION = 4.2;
				TARGETED_DEVICE_FAMILY = 1;
			};
			name = Release;
		};
		570867402084EDCF00D4B8FF /* Debug */ = {
			isa = XCBuildConfiguration;
			baseConfigurationReference = BBE6497E0A71DB850291477E /* Pods-SwordTests.debug.xcconfig */;
			buildSettings = {
				ALWAYS_EMBED_SWIFT_STANDARD_LIBRARIES = YES;
				BUNDLE_LOADER = "$(TEST_HOST)";
				CODE_SIGN_STYLE = Automatic;
				DEVELOPMENT_TEAM = P6RBQAP3JT;
				INFOPLIST_FILE = SwordTests/Info.plist;
				LD_RUNPATH_SEARCH_PATHS = (
					"$(inherited)",
					"@executable_path/Frameworks",
					"@loader_path/Frameworks",
				);
				PRODUCT_BUNDLE_IDENTIFIER = com.muhammedkarakul.SwordTests;
				PRODUCT_NAME = "$(TARGET_NAME)";
				SWIFT_VERSION = 4.2;
				TARGETED_DEVICE_FAMILY = "1,2";
				TEST_HOST = "$(BUILT_PRODUCTS_DIR)/Sword.app/Sword";
			};
			name = Debug;
		};
		570867412084EDCF00D4B8FF /* Release */ = {
			isa = XCBuildConfiguration;
			baseConfigurationReference = B07DFF07EEDD8B6FB3D9D89E /* Pods-SwordTests.release.xcconfig */;
			buildSettings = {
				ALWAYS_EMBED_SWIFT_STANDARD_LIBRARIES = YES;
				BUNDLE_LOADER = "$(TEST_HOST)";
				CODE_SIGN_STYLE = Automatic;
				DEVELOPMENT_TEAM = P6RBQAP3JT;
				INFOPLIST_FILE = SwordTests/Info.plist;
				LD_RUNPATH_SEARCH_PATHS = (
					"$(inherited)",
					"@executable_path/Frameworks",
					"@loader_path/Frameworks",
				);
				PRODUCT_BUNDLE_IDENTIFIER = com.muhammedkarakul.SwordTests;
				PRODUCT_NAME = "$(TARGET_NAME)";
				SWIFT_VERSION = 4.2;
				TARGETED_DEVICE_FAMILY = "1,2";
				TEST_HOST = "$(BUILT_PRODUCTS_DIR)/Sword.app/Sword";
			};
			name = Release;
		};
		570867432084EDCF00D4B8FF /* Debug */ = {
			isa = XCBuildConfiguration;
			baseConfigurationReference = 0019CDF9469894C7672CEA2D /* Pods-SwordUITests.debug.xcconfig */;
			buildSettings = {
				ALWAYS_EMBED_SWIFT_STANDARD_LIBRARIES = YES;
				CODE_SIGN_STYLE = Automatic;
				DEVELOPMENT_TEAM = P6RBQAP3JT;
				INFOPLIST_FILE = SwordUITests/Info.plist;
				LD_RUNPATH_SEARCH_PATHS = (
					"$(inherited)",
					"@executable_path/Frameworks",
					"@loader_path/Frameworks",
				);
				PRODUCT_BUNDLE_IDENTIFIER = com.muhammedkarakul.SwordUITests;
				PRODUCT_NAME = "$(TARGET_NAME)";
				SWIFT_VERSION = 4.2;
				TARGETED_DEVICE_FAMILY = "1,2";
				TEST_TARGET_NAME = Sword;
			};
			name = Debug;
		};
		570867442084EDCF00D4B8FF /* Release */ = {
			isa = XCBuildConfiguration;
			baseConfigurationReference = 52EBB1601D0099C3084EA62C /* Pods-SwordUITests.release.xcconfig */;
			buildSettings = {
				ALWAYS_EMBED_SWIFT_STANDARD_LIBRARIES = YES;
				CODE_SIGN_STYLE = Automatic;
				DEVELOPMENT_TEAM = P6RBQAP3JT;
				INFOPLIST_FILE = SwordUITests/Info.plist;
				LD_RUNPATH_SEARCH_PATHS = (
					"$(inherited)",
					"@executable_path/Frameworks",
					"@loader_path/Frameworks",
				);
				PRODUCT_BUNDLE_IDENTIFIER = com.muhammedkarakul.SwordUITests;
				PRODUCT_NAME = "$(TARGET_NAME)";
				SWIFT_VERSION = 4.2;
				TARGETED_DEVICE_FAMILY = "1,2";
				TEST_TARGET_NAME = Sword;
			};
			name = Release;
		};
/* End XCBuildConfiguration section */

/* Begin XCConfigurationList section */
		5708670C2084EDCE00D4B8FF /* Build configuration list for PBXProject "Sword" */ = {
			isa = XCConfigurationList;
			buildConfigurations = (
				5708673A2084EDCF00D4B8FF /* Debug */,
				5708673B2084EDCF00D4B8FF /* Release */,
			);
			defaultConfigurationIsVisible = 0;
			defaultConfigurationName = Release;
		};
		5708673C2084EDCF00D4B8FF /* Build configuration list for PBXNativeTarget "Sword" */ = {
			isa = XCConfigurationList;
			buildConfigurations = (
				5708673D2084EDCF00D4B8FF /* Debug */,
				5708673E2084EDCF00D4B8FF /* Release */,
			);
			defaultConfigurationIsVisible = 0;
			defaultConfigurationName = Release;
		};
		5708673F2084EDCF00D4B8FF /* Build configuration list for PBXNativeTarget "SwordTests" */ = {
			isa = XCConfigurationList;
			buildConfigurations = (
				570867402084EDCF00D4B8FF /* Debug */,
				570867412084EDCF00D4B8FF /* Release */,
			);
			defaultConfigurationIsVisible = 0;
			defaultConfigurationName = Release;
		};
		570867422084EDCF00D4B8FF /* Build configuration list for PBXNativeTarget "SwordUITests" */ = {
			isa = XCConfigurationList;
			buildConfigurations = (
				570867432084EDCF00D4B8FF /* Debug */,
				570867442084EDCF00D4B8FF /* Release */,
			);
			defaultConfigurationIsVisible = 0;
			defaultConfigurationName = Release;
		};
/* End XCConfigurationList section */

/* Begin XCVersionGroup section */
		57F75617213AB2A100F0011D /* Sword.xcdatamodeld */ = {
			isa = XCVersionGroup;
			children = (
				57F75618213AB2A100F0011D /* Sword.xcdatamodel */,
			);
			currentVersion = 57F75618213AB2A100F0011D /* Sword.xcdatamodel */;
			path = Sword.xcdatamodeld;
			sourceTree = "<group>";
			versionGroupType = wrapper.xcdatamodel;
		};
/* End XCVersionGroup section */
	};
	rootObject = 570867092084EDCE00D4B8FF /* Project object */;
}
